// !$*UTF8*$!
{
	archiveVersion = 1;
	classes = {
	};
	objectVersion = 54;
	objects = {

/* Begin PBXBuildFile section */
		5CAC536F19AE5062E58881B8 /* ContentView.swift in Sources */ = {isa = PBXBuildFile; fileRef = F2940C21F680D4AD885318A0 /* ContentView.swift */; };
		5DC300C4103CB296DE06A824 /* Flwr in Frameworks */ = {isa = PBXBuildFile; productRef = 7D6D86FB026C80EFB61189EB /* Flwr */; };
		7221A91C5429BB5C5999651F /* main.swift in Sources */ = {isa = PBXBuildFile; fileRef = 4567A9812B7FAC92EE118B9A /* main.swift */; };
		7EAA9DAC191A77EFA73EC91E /* main.swift in Sources */ = {isa = PBXBuildFile; fileRef = 73DE71AB0FD4B6E3EBFBEABE /* main.swift */; };
		94560A238130C4CA6D2B9B45 /* HelloWorldApp.swift in Sources */ = {isa = PBXBuildFile; fileRef = 296E3A51313266F8A35C159B /* HelloWorldApp.swift */; };
		AEE7E5E782D4FBC371C1D8FB /* Flwr in Frameworks */ = {isa = PBXBuildFile; productRef = 25FB052C47301588B25B4B5D /* Flwr */; };
		C329C5655E2E2BF52A74E226 /* Flwr in Frameworks */ = {isa = PBXBuildFile; productRef = EE13715D193DE89C0AFCC9B7 /* Flwr */; };
		CA88B78CFD27FBEC69293DA8 /* HelloWorldApp.swift in Sources */ = {isa = PBXBuildFile; fileRef = 55B49A9ED91BA12AFC62D827 /* HelloWorldApp.swift */; };
		CDCDA30F995CBA5809598931 /* Flwr in Frameworks */ = {isa = PBXBuildFile; productRef = E06603F3598E7783ADFDD7B3 /* Flwr */; };
		D9A621DB4A76F15371CBF493 /* ContentView.swift in Sources */ = {isa = PBXBuildFile; fileRef = D30966334263E4C2CC2D4C50 /* ContentView.swift */; };
/* End PBXBuildFile section */

/* Begin PBXFileReference section */
		0C4C13DB49CC2D34E1DEE6D9 /* HelloWorld.entitlements */ = {isa = PBXFileReference; lastKnownFileType = text.plist.entitlements; path = HelloWorld.entitlements; sourceTree = "<group>"; };
		1CFAE91D5BDAD075A7A05F54 /* streaming-cli */ = {isa = PBXFileReference; includeInIndex = 0; path = "streaming-cli"; sourceTree = BUILT_PRODUCTS_DIR; };
		209DA0E56757DEB5DBE65F60 /* hello-world-macos.app */ = {isa = PBXFileReference; explicitFileType = wrapper.application; includeInIndex = 0; path = "hello-world-macos.app"; sourceTree = BUILT_PRODUCTS_DIR; };
		296E3A51313266F8A35C159B /* HelloWorldApp.swift */ = {isa = PBXFileReference; lastKnownFileType = sourcecode.swift; path = HelloWorldApp.swift; sourceTree = "<group>"; };
		4567A9812B7FAC92EE118B9A /* main.swift */ = {isa = PBXFileReference; lastKnownFileType = sourcecode.swift; path = main.swift; sourceTree = "<group>"; };
		55B49A9ED91BA12AFC62D827 /* HelloWorldApp.swift */ = {isa = PBXFileReference; lastKnownFileType = sourcecode.swift; path = HelloWorldApp.swift; sourceTree = "<group>"; };
		73DE71AB0FD4B6E3EBFBEABE /* main.swift */ = {isa = PBXFileReference; lastKnownFileType = sourcecode.swift; path = main.swift; sourceTree = "<group>"; };
		934858BBEF5ADB70C512E30D /* flower */ = {isa = PBXFileReference; lastKnownFileType = folder; name = flower; path = .; sourceTree = SOURCE_ROOT; };
		C9281C5167C5E54E063AF6E7 /* hello-world-ios.app */ = {isa = PBXFileReference; includeInIndex = 0; lastKnownFileType = wrapper.application; path = "hello-world-ios.app"; sourceTree = BUILT_PRODUCTS_DIR; };
		D30966334263E4C2CC2D4C50 /* ContentView.swift */ = {isa = PBXFileReference; lastKnownFileType = sourcecode.swift; path = ContentView.swift; sourceTree = "<group>"; };
		F2940C21F680D4AD885318A0 /* ContentView.swift */ = {isa = PBXFileReference; lastKnownFileType = sourcecode.swift; path = ContentView.swift; sourceTree = "<group>"; };
		FF119EE4A193B8B6726ABDCD /* hello-world-cli */ = {isa = PBXFileReference; includeInIndex = 0; path = "hello-world-cli"; sourceTree = BUILT_PRODUCTS_DIR; };
/* End PBXFileReference section */

/* Begin PBXFrameworksBuildPhase section */
		1E3FC90ED9EE457524F1C904 /* Frameworks */ = {
			isa = PBXFrameworksBuildPhase;
			buildActionMask = 2147483647;
			files = (
				CDCDA30F995CBA5809598931 /* Flwr in Frameworks */,
			);
			runOnlyForDeploymentPostprocessing = 0;
		};
		36F0036B27F46FB464613C75 /* Frameworks */ = {
			isa = PBXFrameworksBuildPhase;
			buildActionMask = 2147483647;
			files = (
				C329C5655E2E2BF52A74E226 /* Flwr in Frameworks */,
			);
			runOnlyForDeploymentPostprocessing = 0;
		};
		4F0E56493109B547D90327A1 /* Frameworks */ = {
			isa = PBXFrameworksBuildPhase;
			buildActionMask = 2147483647;
			files = (
				AEE7E5E782D4FBC371C1D8FB /* Flwr in Frameworks */,
			);
			runOnlyForDeploymentPostprocessing = 0;
		};
		8D6BE474BDE51C40E9FD8D67 /* Frameworks */ = {
			isa = PBXFrameworksBuildPhase;
			buildActionMask = 2147483647;
			files = (
				5DC300C4103CB296DE06A824 /* Flwr in Frameworks */,
			);
			runOnlyForDeploymentPostprocessing = 0;
		};
/* End PBXFrameworksBuildPhase section */

/* Begin PBXGroup section */
		1A2DFFC8E6229E47601E89E5 = {
			isa = PBXGroup;
			children = (
				6531429BF80886042F53831F /* hello-world-cli */,
				BFEEA94F9A196387270F00A6 /* hello-world-ios */,
				F522D79061B553BCA6ACEFCD /* hello-world-macos */,
				B3F479103F06412F0BECC25F /* Packages */,
				F3C87B0B5E818D02A5C88CCC /* streaming-cli */,
				6DD262CB76DFE2C64FA80EE7 /* Products */,
			);
			sourceTree = "<group>";
		};
		6531429BF80886042F53831F /* hello-world-cli */ = {
			isa = PBXGroup;
			children = (
				4567A9812B7FAC92EE118B9A /* main.swift */,
			);
			name = "hello-world-cli";
			path = "intelligence/swift/examples/hello-world-cli";
			sourceTree = "<group>";
		};
		6DD262CB76DFE2C64FA80EE7 /* Products */ = {
			isa = PBXGroup;
			children = (
				FF119EE4A193B8B6726ABDCD /* hello-world-cli */,
				C9281C5167C5E54E063AF6E7 /* hello-world-ios.app */,
				209DA0E56757DEB5DBE65F60 /* hello-world-macos.app */,
				1CFAE91D5BDAD075A7A05F54 /* streaming-cli */,
			);
			name = Products;
			sourceTree = "<group>";
		};
		B3F479103F06412F0BECC25F /* Packages */ = {
			isa = PBXGroup;
			children = (
				934858BBEF5ADB70C512E30D /* flower */,
			);
			name = Packages;
			sourceTree = "<group>";
		};
		BFEEA94F9A196387270F00A6 /* hello-world-ios */ = {
			isa = PBXGroup;
			children = (
				D30966334263E4C2CC2D4C50 /* ContentView.swift */,
				296E3A51313266F8A35C159B /* HelloWorldApp.swift */,
			);
			name = "hello-world-ios";
			path = "intelligence/swift/examples/hello-world-ios";
			sourceTree = "<group>";
		};
		F3C87B0B5E818D02A5C88CCC /* streaming-cli */ = {
			isa = PBXGroup;
			children = (
				73DE71AB0FD4B6E3EBFBEABE /* main.swift */,
			);
			name = "streaming-cli";
			path = "intelligence/swift/examples/streaming-cli";
			sourceTree = "<group>";
		};
		F522D79061B553BCA6ACEFCD /* hello-world-macos */ = {
			isa = PBXGroup;
			children = (
				F2940C21F680D4AD885318A0 /* ContentView.swift */,
				0C4C13DB49CC2D34E1DEE6D9 /* HelloWorld.entitlements */,
				55B49A9ED91BA12AFC62D827 /* HelloWorldApp.swift */,
			);
			name = "hello-world-macos";
			path = "intelligence/swift/examples/hello-world-macos";
			sourceTree = "<group>";
		};
/* End PBXGroup section */

/* Begin PBXNativeTarget section */
		31F37F4997B933B7EF22B524 /* hello-world-macos */ = {
			isa = PBXNativeTarget;
			buildConfigurationList = CFD4CBE979D6E648FEFB9C9D /* Build configuration list for PBXNativeTarget "hello-world-macos" */;
			buildPhases = (
				1B4C927FBD24D2596C40EB8A /* Sources */,
				8D6BE474BDE51C40E9FD8D67 /* Frameworks */,
			);
			buildRules = (
			);
			dependencies = (
			);
			name = "hello-world-macos";
			packageProductDependencies = (
				7D6D86FB026C80EFB61189EB /* Flwr */,
			);
			productName = "hello-world-macos";
			productReference = 209DA0E56757DEB5DBE65F60 /* hello-world-macos.app */;
			productType = "com.apple.product-type.application";
		};
		5A02C7B387CD510CF08FD9A8 /* hello-world-cli */ = {
			isa = PBXNativeTarget;
			buildConfigurationList = F6FA26F08224DA1C415D26E2 /* Build configuration list for PBXNativeTarget "hello-world-cli" */;
			buildPhases = (
				9841CEAA66BF9342734F1DEB /* Sources */,
				36F0036B27F46FB464613C75 /* Frameworks */,
			);
			buildRules = (
			);
			dependencies = (
			);
			name = "hello-world-cli";
			packageProductDependencies = (
				EE13715D193DE89C0AFCC9B7 /* Flwr */,
			);
			productName = "hello-world-cli";
			productReference = FF119EE4A193B8B6726ABDCD /* hello-world-cli */;
			productType = "com.apple.product-type.tool";
		};
		9D1DB31810C475791AAEE652 /* hello-world-ios */ = {
			isa = PBXNativeTarget;
			buildConfigurationList = 5E602D096DE0936EFDFCD54D /* Build configuration list for PBXNativeTarget "hello-world-ios" */;
			buildPhases = (
				EEC90EFD1F3664EDAABEF13C /* Sources */,
				4F0E56493109B547D90327A1 /* Frameworks */,
			);
			buildRules = (
			);
			dependencies = (
			);
			name = "hello-world-ios";
			packageProductDependencies = (
				25FB052C47301588B25B4B5D /* Flwr */,
			);
			productName = "hello-world-ios";
			productReference = C9281C5167C5E54E063AF6E7 /* hello-world-ios.app */;
			productType = "com.apple.product-type.application";
		};
		A3F67B287DCA2AAB80E345AB /* streaming-cli */ = {
			isa = PBXNativeTarget;
			buildConfigurationList = 19EA440123E06930B5E9C99C /* Build configuration list for PBXNativeTarget "streaming-cli" */;
			buildPhases = (
				EDD9294EE7936482E34DDE8F /* Sources */,
				1E3FC90ED9EE457524F1C904 /* Frameworks */,
			);
			buildRules = (
			);
			dependencies = (
			);
			name = "streaming-cli";
			packageProductDependencies = (
				E06603F3598E7783ADFDD7B3 /* Flwr */,
			);
			productName = "streaming-cli";
			productReference = 1CFAE91D5BDAD075A7A05F54 /* streaming-cli */;
			productType = "com.apple.product-type.tool";
		};
/* End PBXNativeTarget section */

/* Begin PBXProject section */
		CB3BF114D04F29E543E43FFA /* Project object */ = {
			isa = PBXProject;
			attributes = {
				BuildIndependentTargetsInParallel = YES;
				LastUpgradeCheck = 1430;
				TargetAttributes = {
				};
			};
			buildConfigurationList = 214E63BC8C8FE8C124B3549F /* Build configuration list for PBXProject "FlowerIntelligenceExamples" */;
			compatibilityVersion = "Xcode 14.0";
			developmentRegion = en;
			hasScannedForEncodings = 0;
			knownRegions = (
				Base,
				en,
			);
			mainGroup = 1A2DFFC8E6229E47601E89E5;
			packageReferences = (
				0A57800E86D260912C2DE7BC /* XCLocalSwiftPackageReference "." */,
			);
			projectDirPath = "";
			projectRoot = "";
			targets = (
				5A02C7B387CD510CF08FD9A8 /* hello-world-cli */,
				9D1DB31810C475791AAEE652 /* hello-world-ios */,
				31F37F4997B933B7EF22B524 /* hello-world-macos */,
				A3F67B287DCA2AAB80E345AB /* streaming-cli */,
			);
		};
/* End PBXProject section */

/* Begin PBXSourcesBuildPhase section */
		1B4C927FBD24D2596C40EB8A /* Sources */ = {
			isa = PBXSourcesBuildPhase;
			buildActionMask = 2147483647;
			files = (
				5CAC536F19AE5062E58881B8 /* ContentView.swift in Sources */,
				CA88B78CFD27FBEC69293DA8 /* HelloWorldApp.swift in Sources */,
			);
			runOnlyForDeploymentPostprocessing = 0;
		};
		9841CEAA66BF9342734F1DEB /* Sources */ = {
			isa = PBXSourcesBuildPhase;
			buildActionMask = 2147483647;
			files = (
				7221A91C5429BB5C5999651F /* main.swift in Sources */,
			);
			runOnlyForDeploymentPostprocessing = 0;
		};
		EDD9294EE7936482E34DDE8F /* Sources */ = {
			isa = PBXSourcesBuildPhase;
			buildActionMask = 2147483647;
			files = (
				7EAA9DAC191A77EFA73EC91E /* main.swift in Sources */,
			);
			runOnlyForDeploymentPostprocessing = 0;
		};
		EEC90EFD1F3664EDAABEF13C /* Sources */ = {
			isa = PBXSourcesBuildPhase;
			buildActionMask = 2147483647;
			files = (
				D9A621DB4A76F15371CBF493 /* ContentView.swift in Sources */,
				94560A238130C4CA6D2B9B45 /* HelloWorldApp.swift in Sources */,
			);
			runOnlyForDeploymentPostprocessing = 0;
		};
/* End PBXSourcesBuildPhase section */

/* Begin XCBuildConfiguration section */
		13319350D0CF2A784AD4CB27 /* Debug */ = {
			isa = XCBuildConfiguration;
			buildSettings = {
				ALWAYS_SEARCH_USER_PATHS = NO;
				CLANG_ANALYZER_NONNULL = YES;
				CLANG_ANALYZER_NUMBER_OBJECT_CONVERSION = YES_AGGRESSIVE;
				CLANG_CXX_LANGUAGE_STANDARD = "gnu++14";
				CLANG_CXX_LIBRARY = "libc++";
				CLANG_ENABLE_MODULES = YES;
				CLANG_ENABLE_OBJC_ARC = YES;
				CLANG_ENABLE_OBJC_WEAK = YES;
				CLANG_WARN_BLOCK_CAPTURE_AUTORELEASING = YES;
				CLANG_WARN_BOOL_CONVERSION = YES;
				CLANG_WARN_COMMA = YES;
				CLANG_WARN_CONSTANT_CONVERSION = YES;
				CLANG_WARN_DEPRECATED_OBJC_IMPLEMENTATIONS = YES;
				CLANG_WARN_DIRECT_OBJC_ISA_USAGE = YES_ERROR;
				CLANG_WARN_DOCUMENTATION_COMMENTS = YES;
				CLANG_WARN_EMPTY_BODY = YES;
				CLANG_WARN_ENUM_CONVERSION = YES;
				CLANG_WARN_INFINITE_RECURSION = YES;
				CLANG_WARN_INT_CONVERSION = YES;
				CLANG_WARN_NON_LITERAL_NULL_CONVERSION = YES;
				CLANG_WARN_OBJC_IMPLICIT_RETAIN_SELF = YES;
				CLANG_WARN_OBJC_LITERAL_CONVERSION = YES;
				CLANG_WARN_OBJC_ROOT_CLASS = YES_ERROR;
				CLANG_WARN_QUOTED_INCLUDE_IN_FRAMEWORK_HEADER = YES;
				CLANG_WARN_RANGE_LOOP_ANALYSIS = YES;
				CLANG_WARN_STRICT_PROTOTYPES = YES;
				CLANG_WARN_SUSPICIOUS_MOVE = YES;
				CLANG_WARN_UNGUARDED_AVAILABILITY = YES_AGGRESSIVE;
				CLANG_WARN_UNREACHABLE_CODE = YES;
				CLANG_WARN__DUPLICATE_METHOD_MATCH = YES;
				COPY_PHASE_STRIP = NO;
				DEBUG_INFORMATION_FORMAT = dwarf;
				ENABLE_STRICT_OBJC_MSGSEND = YES;
				ENABLE_TESTABILITY = YES;
				GCC_C_LANGUAGE_STANDARD = gnu11;
				GCC_DYNAMIC_NO_PIC = NO;
				GCC_NO_COMMON_BLOCKS = YES;
				GCC_OPTIMIZATION_LEVEL = 0;
				GCC_PREPROCESSOR_DEFINITIONS = (
					"$(inherited)",
					"DEBUG=1",
				);
				GCC_WARN_64_TO_32_BIT_CONVERSION = YES;
				GCC_WARN_ABOUT_RETURN_TYPE = YES_ERROR;
				GCC_WARN_UNDECLARED_SELECTOR = YES;
				GCC_WARN_UNINITIALIZED_AUTOS = YES_AGGRESSIVE;
				GCC_WARN_UNUSED_FUNCTION = YES;
				GCC_WARN_UNUSED_VARIABLE = YES;
				IPHONEOS_DEPLOYMENT_TARGET = 16.0;
				MTL_ENABLE_DEBUG_INFO = INCLUDE_SOURCE;
				MTL_FAST_MATH = YES;
				ONLY_ACTIVE_ARCH = YES;
				PRODUCT_NAME = "$(TARGET_NAME)";
				SWIFT_ACTIVE_COMPILATION_CONDITIONS = DEBUG;
				SWIFT_OPTIMIZATION_LEVEL = "-Onone";
				SWIFT_VERSION = 6.0;
			};
			name = Debug;
		};
		3DEF3B9D5BAAF6469C270A06 /* Release */ = {
			isa = XCBuildConfiguration;
			buildSettings = {
				ASSETCATALOG_COMPILER_APPICON_NAME = AppIcon;
				CODE_SIGN_IDENTITY = "iPhone Developer";
				INFOPLIST_FILE = "intelligence/swift/examples/hello-world-ios/Info.plist";
				LD_RUNPATH_SEARCH_PATHS = (
					"$(inherited)",
					"@executable_path/Frameworks",
				);
				PRODUCT_BUNDLE_IDENTIFIER = "ai.flower.hello-world-ios";
				PRODUCT_NAME = "hello-world-ios";
				SDKROOT = iphoneos;
				TARGETED_DEVICE_FAMILY = 1;
			};
			name = Release;
		};
		5C7D7F0992D80355E2BC8661 /* Debug */ = {
			isa = XCBuildConfiguration;
			buildSettings = {
				ASSETCATALOG_COMPILER_APPICON_NAME = AppIcon;
				CODE_SIGN_IDENTITY = "iPhone Developer";
				INFOPLIST_FILE = "intelligence/swift/examples/hello-world-ios/Info.plist";
				LD_RUNPATH_SEARCH_PATHS = (
					"$(inherited)",
					"@executable_path/Frameworks",
				);
				PRODUCT_BUNDLE_IDENTIFIER = "ai.flower.hello-world-ios";
				PRODUCT_NAME = "hello-world-ios";
				SDKROOT = iphoneos;
				TARGETED_DEVICE_FAMILY = 1;
			};
			name = Debug;
		};
		756769932A9188E26E424A0D /* Release */ = {
			isa = XCBuildConfiguration;
			buildSettings = {
				COMBINE_HIDPI_IMAGES = YES;
				LD_RUNPATH_SEARCH_PATHS = (
					"$(inherited)",
					"@executable_path/../Frameworks",
				);
				MACH_O_TYPE = mh_execute;
				PRODUCT_BUNDLE_IDENTIFIER = "ai.flower.streaming-cli";
				PRODUCT_NAME = "streaming-cli";
				SDKROOT = macosx;
			};
			name = Release;
		};
		985613350348AEE8EF85C5A8 /* Release */ = {
			isa = XCBuildConfiguration;
			buildSettings = {
				ASSETCATALOG_COMPILER_APPICON_NAME = AppIcon;
				CODE_SIGN_ENTITLEMENTS = "intelligence/swift/examples/hello-world-macos/HelloWorld.entitlements";
				COMBINE_HIDPI_IMAGES = YES;
				GENERATE_INFOPLIST_FILE = YES;
				LD_RUNPATH_SEARCH_PATHS = (
					"$(inherited)",
					"@executable_path/../Frameworks",
				);
				MACOSX_DEPLOYMENT_TARGET = 14.0;
				PRODUCT_BUNDLE_IDENTIFIER = "ai.flower.hello-world-macos";
				PRODUCT_NAME = "hello-world-macos";
				SDKROOT = macosx;
			};
			name = Release;
		};
		A1560200035E034DDB9804D7 /* Release */ = {
			isa = XCBuildConfiguration;
			buildSettings = {
				COMBINE_HIDPI_IMAGES = YES;
				LD_RUNPATH_SEARCH_PATHS = (
					"$(inherited)",
					"@executable_path/../Frameworks",
				);
				MACH_O_TYPE = mh_execute;
				PRODUCT_BUNDLE_IDENTIFIER = "ai.flower.hello-world-cli";
				PRODUCT_NAME = "hello-world-cli";
				SDKROOT = macosx;
			};
			name = Release;
		};
		AB042111C9752E3D86D46A09 /* Debug */ = {
			isa = XCBuildConfiguration;
			buildSettings = {
				COMBINE_HIDPI_IMAGES = YES;
				LD_RUNPATH_SEARCH_PATHS = (
					"$(inherited)",
					"@executable_path/../Frameworks",
				);
				MACH_O_TYPE = mh_execute;
				PRODUCT_BUNDLE_IDENTIFIER = "ai.flower.streaming-cli";
				PRODUCT_NAME = "streaming-cli";
				SDKROOT = macosx;
			};
			name = Debug;
		};
		C53122C158C60550E48E5FFE /* Debug */ = {
			isa = XCBuildConfiguration;
			buildSettings = {
				ASSETCATALOG_COMPILER_APPICON_NAME = AppIcon;
				CODE_SIGN_ENTITLEMENTS = "intelligence/swift/examples/hello-world-macos/HelloWorld.entitlements";
				COMBINE_HIDPI_IMAGES = YES;
				GENERATE_INFOPLIST_FILE = YES;
				LD_RUNPATH_SEARCH_PATHS = (
					"$(inherited)",
					"@executable_path/../Frameworks",
				);
				MACOSX_DEPLOYMENT_TARGET = 14.0;
				PRODUCT_BUNDLE_IDENTIFIER = "ai.flower.hello-world-macos";
				PRODUCT_NAME = "hello-world-macos";
				SDKROOT = macosx;
			};
			name = Debug;
		};
		D245E5A7FE1E9A51FCC09647 /* Release */ = {
			isa = XCBuildConfiguration;
			buildSettings = {
				ALWAYS_SEARCH_USER_PATHS = NO;
				CLANG_ANALYZER_NONNULL = YES;
				CLANG_ANALYZER_NUMBER_OBJECT_CONVERSION = YES_AGGRESSIVE;
				CLANG_CXX_LANGUAGE_STANDARD = "gnu++14";
				CLANG_CXX_LIBRARY = "libc++";
				CLANG_ENABLE_MODULES = YES;
				CLANG_ENABLE_OBJC_ARC = YES;
				CLANG_ENABLE_OBJC_WEAK = YES;
				CLANG_WARN_BLOCK_CAPTURE_AUTORELEASING = YES;
				CLANG_WARN_BOOL_CONVERSION = YES;
				CLANG_WARN_COMMA = YES;
				CLANG_WARN_CONSTANT_CONVERSION = YES;
				CLANG_WARN_DEPRECATED_OBJC_IMPLEMENTATIONS = YES;
				CLANG_WARN_DIRECT_OBJC_ISA_USAGE = YES_ERROR;
				CLANG_WARN_DOCUMENTATION_COMMENTS = YES;
				CLANG_WARN_EMPTY_BODY = YES;
				CLANG_WARN_ENUM_CONVERSION = YES;
				CLANG_WARN_INFINITE_RECURSION = YES;
				CLANG_WARN_INT_CONVERSION = YES;
				CLANG_WARN_NON_LITERAL_NULL_CONVERSION = YES;
				CLANG_WARN_OBJC_IMPLICIT_RETAIN_SELF = YES;
				CLANG_WARN_OBJC_LITERAL_CONVERSION = YES;
				CLANG_WARN_OBJC_ROOT_CLASS = YES_ERROR;
				CLANG_WARN_QUOTED_INCLUDE_IN_FRAMEWORK_HEADER = YES;
				CLANG_WARN_RANGE_LOOP_ANALYSIS = YES;
				CLANG_WARN_STRICT_PROTOTYPES = YES;
				CLANG_WARN_SUSPICIOUS_MOVE = YES;
				CLANG_WARN_UNGUARDED_AVAILABILITY = YES_AGGRESSIVE;
				CLANG_WARN_UNREACHABLE_CODE = YES;
				CLANG_WARN__DUPLICATE_METHOD_MATCH = YES;
				COPY_PHASE_STRIP = NO;
				DEBUG_INFORMATION_FORMAT = "dwarf-with-dsym";
				ENABLE_NS_ASSERTIONS = NO;
				ENABLE_STRICT_OBJC_MSGSEND = YES;
				GCC_C_LANGUAGE_STANDARD = gnu11;
				GCC_NO_COMMON_BLOCKS = YES;
				GCC_WARN_64_TO_32_BIT_CONVERSION = YES;
				GCC_WARN_ABOUT_RETURN_TYPE = YES_ERROR;
				GCC_WARN_UNDECLARED_SELECTOR = YES;
				GCC_WARN_UNINITIALIZED_AUTOS = YES_AGGRESSIVE;
				GCC_WARN_UNUSED_FUNCTION = YES;
				GCC_WARN_UNUSED_VARIABLE = YES;
				IPHONEOS_DEPLOYMENT_TARGET = 16.0;
				MTL_ENABLE_DEBUG_INFO = NO;
				MTL_FAST_MATH = YES;
				PRODUCT_NAME = "$(TARGET_NAME)";
				SWIFT_COMPILATION_MODE = wholemodule;
				SWIFT_OPTIMIZATION_LEVEL = "-O";
				SWIFT_VERSION = 6.0;
			};
			name = Release;
		};
		FB11364C1BD5968AFE6BF5B7 /* Debug */ = {
			isa = XCBuildConfiguration;
			buildSettings = {
				COMBINE_HIDPI_IMAGES = YES;
				LD_RUNPATH_SEARCH_PATHS = (
					"$(inherited)",
					"@executable_path/../Frameworks",
				);
				MACH_O_TYPE = mh_execute;
				PRODUCT_BUNDLE_IDENTIFIER = "ai.flower.hello-world-cli";
				PRODUCT_NAME = "hello-world-cli";
				SDKROOT = macosx;
			};
			name = Debug;
		};
/* End XCBuildConfiguration section */

/* Begin XCConfigurationList section */
		19EA440123E06930B5E9C99C /* Build configuration list for PBXNativeTarget "streaming-cli" */ = {
			isa = XCConfigurationList;
			buildConfigurations = (
				AB042111C9752E3D86D46A09 /* Debug */,
				756769932A9188E26E424A0D /* Release */,
			);
			defaultConfigurationIsVisible = 0;
			defaultConfigurationName = Debug;
		};
		214E63BC8C8FE8C124B3549F /* Build configuration list for PBXProject "FlowerIntelligenceExamples" */ = {
			isa = XCConfigurationList;
			buildConfigurations = (
				13319350D0CF2A784AD4CB27 /* Debug */,
				D245E5A7FE1E9A51FCC09647 /* Release */,
			);
			defaultConfigurationIsVisible = 0;
			defaultConfigurationName = Debug;
		};
		5E602D096DE0936EFDFCD54D /* Build configuration list for PBXNativeTarget "hello-world-ios" */ = {
			isa = XCConfigurationList;
			buildConfigurations = (
				5C7D7F0992D80355E2BC8661 /* Debug */,
				3DEF3B9D5BAAF6469C270A06 /* Release */,
			);
			defaultConfigurationIsVisible = 0;
			defaultConfigurationName = Debug;
		};
		CFD4CBE979D6E648FEFB9C9D /* Build configuration list for PBXNativeTarget "hello-world-macos" */ = {
			isa = XCConfigurationList;
			buildConfigurations = (
				C53122C158C60550E48E5FFE /* Debug */,
				985613350348AEE8EF85C5A8 /* Release */,
			);
			defaultConfigurationIsVisible = 0;
			defaultConfigurationName = Debug;
		};
		F6FA26F08224DA1C415D26E2 /* Build configuration list for PBXNativeTarget "hello-world-cli" */ = {
			isa = XCConfigurationList;
			buildConfigurations = (
				FB11364C1BD5968AFE6BF5B7 /* Debug */,
				A1560200035E034DDB9804D7 /* Release */,
			);
			defaultConfigurationIsVisible = 0;
			defaultConfigurationName = Debug;
		};
/* End XCConfigurationList section */

/* Begin XCLocalSwiftPackageReference section */
		0A57800E86D260912C2DE7BC /* XCLocalSwiftPackageReference "." */ = {
			isa = XCLocalSwiftPackageReference;
			relativePath = .;
		};
/* End XCLocalSwiftPackageReference section */

/* Begin XCSwiftPackageProductDependency section */
		25FB052C47301588B25B4B5D /* Flwr */ = {
			isa = XCSwiftPackageProductDependency;
			productName = Flwr;
		};
		7D6D86FB026C80EFB61189EB /* Flwr */ = {
			isa = XCSwiftPackageProductDependency;
			productName = Flwr;
		};
		E06603F3598E7783ADFDD7B3 /* Flwr */ = {
			isa = XCSwiftPackageProductDependency;
			productName = Flwr;
		};
		EE13715D193DE89C0AFCC9B7 /* Flwr */ = {
			isa = XCSwiftPackageProductDependency;
			productName = Flwr;
		};
/* End XCSwiftPackageProductDependency section */
	};
	rootObject = CB3BF114D04F29E543E43FFA /* Project object */;
}
