[[package]]
name = "beautifulsoup4"
version = "4.9.3"
description = "Screen-scraping library"
category = "main"
optional = false
python-versions = "*"

[package.dependencies]
soupsieve = {version = ">1.2", markers = "python_version >= \"3.0\""}

[package.extras]
html5lib = ["html5lib"]
lxml = ["lxml"]

[[package]]
name = "dataclasses"
version = "0.6"
description = "A backport of the dataclasses module for Python 3.6"
category = "main"
optional = false
python-versions = "*"

[[package]]
name = "flwr"
version = "0.17.0"
description = "Flower - A Friendly Federated Learning Framework"
category = "main"
optional = false
python-versions = "^3.6.2"
develop = true

[package.dependencies]
dataclasses = {version = "==0.6", markers = "python_version < \"3.7\""}
google = "^2.0.3"
grpcio = "^1.27.2"
numpy = "^1.19.0"
protobuf = "^3.12.1"

[package.extras]
simulation = ["ray[default] (>=1.5.2,<2.0.0)"]
baseline = ["tensorflow-cpu (==2.4.0)", "boto3 (>=1.12.36,<2.0.0)", "boto3_type_annotations (>=0.3.1,<0.4.0)", "paramiko (>=2.7.1,<3.0.0)", "docker (>=4.2.0,<5.0.0)", "matplotlib (>=3.2.1,<4.0.0)"]
examples-pytorch = ["torch (>=1.9.0,<2.0.0)", "torchvision (>=0.10.0,<0.11.0)", "tqdm (>=4.48.2,<5.0.0)"]
examples-tensorflow = ["tensorflow-cpu (==2.4.0)"]
http-logger = ["boto3 (>=1.12.36,<2.0.0)", "boto3_type_annotations (>=0.3.1,<0.4.0)", "tensorflow-cpu (==2.4.0)", "boto3 (>=1.12.36,<2.0.0)", "boto3_type_annotations (>=0.3.1,<0.4.0)", "paramiko (>=2.7.1,<3.0.0)", "docker (>=4.2.0,<5.0.0)", "matplotlib (>=3.2.1,<4.0.0)"]
ops = ["boto3 (>=1.12.36,<2.0.0)", "boto3_type_annotations (>=0.3.1,<0.4.0)", "paramiko (>=2.7.1,<3.0.0)", "docker (>=4.2.0,<5.0.0)"]

[package.source]
type = "directory"
url = "../.."

[[package]]
name = "google"
version = "2.0.3"
description = "Python bindings to the Google search engine."
category = "main"
optional = false
python-versions = "*"

[package.dependencies]
beautifulsoup4 = "*"

[[package]]
name = "grpcio"
version = "1.39.0"
description = "HTTP/2-based RPC framework"
category = "main"
optional = false
python-versions = "*"

[package.dependencies]
six = ">=1.5.2"

[package.extras]
protobuf = ["grpcio-tools (>=1.39.0)"]

[[package]]
name = "numpy"
version = "1.19.5"
description = "NumPy is the fundamental package for array computing with Python."
category = "main"
optional = false
python-versions = ">=3.6"

[[package]]
name = "pillow"
version = "8.1.0"
description = "Python Imaging Library (Fork)"
category = "main"
optional = false
python-versions = ">=3.6"

[[package]]
name = "protobuf"
version = "3.17.3"
description = "Protocol Buffers"
category = "main"
optional = false
python-versions = "*"

[package.dependencies]
six = ">=1.9"

[[package]]
name = "six"
version = "1.16.0"
description = "Python 2 and 3 compatibility utilities"
category = "main"
optional = false
python-versions = ">=2.7, !=3.0.*, !=3.1.*, !=3.2.*"

[[package]]
name = "soupsieve"
version = "2.2.1"
description = "A modern CSS selector implementation for Beautiful Soup."
category = "main"
optional = false
python-versions = ">=3.6"

[[package]]
name = "torch"
version = "1.7.1"
description = "Tensors and Dynamic neural networks in Python with strong GPU acceleration"
category = "main"
optional = false
python-versions = ">=3.6.2"

[package.dependencies]
dataclasses = {version = "*", markers = "python_version < \"3.7\""}
numpy = "*"
typing-extensions = "*"

[[package]]
name = "torchvision"
version = "0.8.2"
description = "image and video datasets and models for torch deep learning"
category = "main"
optional = false
python-versions = "*"

[package.dependencies]
numpy = "*"
pillow = ">=4.1.1"
torch = "1.7.1"

[package.extras]
scipy = ["scipy"]

[[package]]
name = "typing-extensions"
version = "3.10.0.2"
description = "Backported and Experimental Type Hints for Python 3.5+"
category = "main"
optional = false
python-versions = "*"

[metadata]
lock-version = "1.1"
python-versions = "^3.6.2"
content-hash = "fd6ae3c6030e7aada3011f5333ed2f322ea8d5c01ef707f40f23f1f88568e557"

[metadata.files]
beautifulsoup4 = [
    {file = "beautifulsoup4-4.9.3-py2-none-any.whl", hash = "sha256:4c98143716ef1cb40bf7f39a8e3eec8f8b009509e74904ba3a7b315431577e35"},
    {file = "beautifulsoup4-4.9.3-py3-none-any.whl", hash = "sha256:fff47e031e34ec82bf17e00da8f592fe7de69aeea38be00523c04623c04fb666"},
    {file = "beautifulsoup4-4.9.3.tar.gz", hash = "sha256:84729e322ad1d5b4d25f805bfa05b902dd96450f43842c4e99067d5e1369eb25"},
]
dataclasses = [
    {file = "dataclasses-0.6-py3-none-any.whl", hash = "sha256:454a69d788c7fda44efd71e259be79577822f5e3f53f029a22d08004e951dc9f"},
    {file = "dataclasses-0.6.tar.gz", hash = "sha256:6988bd2b895eef432d562370bb707d540f32f7360ab13da45340101bc2307d84"},
]
flwr = []
google = [
    {file = "google-2.0.3-py2.py3-none-any.whl", hash = "sha256:c03517e6f9eec7a03c07b864f9a64384fd4bc1efce9034d42e3f90addc9fe4ee"},
    {file = "google-2.0.3.tar.gz", hash = "sha256:ff7d997dbf33be666ed5deb8c5abf5d103c27ec199559b6d994923469e26bb48"},
]
grpcio = [
    {file = "grpcio-1.39.0-cp27-cp27m-macosx_10_10_x86_64.whl", hash = "sha256:4163e022f365406be2da78db890035463371effea172300ce5af8a768142baf3"},
    {file = "grpcio-1.39.0-cp27-cp27m-manylinux2010_i686.whl", hash = "sha256:02e8a8b41db8e13df53078355b439363e4ac46d0ac9a8a461a39e42829e2bcf8"},
    {file = "grpcio-1.39.0-cp27-cp27m-manylinux2010_x86_64.whl", hash = "sha256:050901a5baa6c4ca445e1781ef4c32d864f965ccec70c46cd5ad92d15e282c6a"},
    {file = "grpcio-1.39.0-cp27-cp27m-win32.whl", hash = "sha256:1ab44dde4e1b225d3fc873535ca6e642444433131dd2891a601b75fb46c87c11"},
    {file = "grpcio-1.39.0-cp27-cp27m-win_amd64.whl", hash = "sha256:25731b2c20a4ed51bea7e3952d5e83d408a5df32d03c7553457b2e6eb8bcb16c"},
    {file = "grpcio-1.39.0-cp27-cp27mu-manylinux2010_i686.whl", hash = "sha256:a2733994b05ee5382da1d0378f6312b72c5cb202930c7fa20c794a24e96a1a34"},
    {file = "grpcio-1.39.0-cp27-cp27mu-manylinux2010_x86_64.whl", hash = "sha256:4039645b8b5d19064766f3a6fa535f1db52a61c4d4de97a6a8945331a354d527"},
    {file = "grpcio-1.39.0-cp35-cp35m-macosx_10_10_intel.whl", hash = "sha256:7b95b3329446408e2fe6db9b310d263303fa1a94649d08ec1e1cc12506743d26"},
    {file = "grpcio-1.39.0-cp35-cp35m-manylinux2010_i686.whl", hash = "sha256:2a4308875b9b986000513c6b04c2e7424f436a127f15547036c42d3cf8289374"},
    {file = "grpcio-1.39.0-cp35-cp35m-manylinux2010_x86_64.whl", hash = "sha256:4b3fcc1878a1a5b71e1ecdfe82c74f7cd9eadaa43e25be0d67676dcec0c9d39f"},
    {file = "grpcio-1.39.0-cp35-cp35m-manylinux2014_i686.whl", hash = "sha256:6d51be522b573cec14798d4742efaa69d234bedabce122fec2d5489abb3724d4"},
    {file = "grpcio-1.39.0-cp35-cp35m-manylinux2014_x86_64.whl", hash = "sha256:43c57987e526d1b893b85099424387b22de6e3eee4ea7188443de8d657d11cc0"},
    {file = "grpcio-1.39.0-cp35-cp35m-win32.whl", hash = "sha256:cd2e39a199bcbefb3f4b9fa6677c72b0e67332915550fed3bd7c28b454bf917d"},
    {file = "grpcio-1.39.0-cp35-cp35m-win_amd64.whl", hash = "sha256:5628e7cc69079159f9465388ff21fde1e1a780139f76dd99d319119d45156f45"},
    {file = "grpcio-1.39.0-cp36-cp36m-linux_armv7l.whl", hash = "sha256:3c14e2087f809973d5ee8ca64f772a089ead0167286f3f21fdda8b6029b50abb"},
    {file = "grpcio-1.39.0-cp36-cp36m-macosx_10_10_x86_64.whl", hash = "sha256:d5a105f5a595b89a0e394e5b147430b115333d07c55efb0c0eddc96055f0d951"},
    {file = "grpcio-1.39.0-cp36-cp36m-manylinux2010_i686.whl", hash = "sha256:366b6b35b3719c5570588e21d866460c5666ae74e3509c2a5a73ca79997abdaf"},
    {file = "grpcio-1.39.0-cp36-cp36m-manylinux2010_x86_64.whl", hash = "sha256:544e1c1a133b43893e03e828c8325be5b82e20d3b0ef0ee3942d32553052a1b5"},
    {file = "grpcio-1.39.0-cp36-cp36m-manylinux2014_i686.whl", hash = "sha256:a659f7c634cacfcf14657687a9fa3265b0a1844b1c19d140f3b66aebfba1a66b"},
    {file = "grpcio-1.39.0-cp36-cp36m-manylinux2014_x86_64.whl", hash = "sha256:b0ff14dd872030e6b2fce8a6811642bd30d93833f794d3782c7e9eb2f01234cc"},
    {file = "grpcio-1.39.0-cp36-cp36m-manylinux_2_24_aarch64.whl", hash = "sha256:2a958ad794292e12d8738a06754ebaf71662e635a89098916c18715b27ca2b5b"},
    {file = "grpcio-1.39.0-cp36-cp36m-win32.whl", hash = "sha256:ed845ba6253c4032d5a01b7fb9db8fe80299e9a437e695a698751b0b191174be"},
    {file = "grpcio-1.39.0-cp36-cp36m-win_amd64.whl", hash = "sha256:b236eb4b50d83754184b248b8b1041bb1546287fff7618c4b7001b9f257bb903"},
    {file = "grpcio-1.39.0-cp37-cp37m-linux_armv7l.whl", hash = "sha256:27e2c6213fc04e71a862bacccb51f3c8e722255933f01736ace183e92d860ee6"},
    {file = "grpcio-1.39.0-cp37-cp37m-macosx_10_10_x86_64.whl", hash = "sha256:5127f4ba1f52fda28037ae465cf4b0e5fabe89d5ac1d64d15b073b46b7db5e16"},
    {file = "grpcio-1.39.0-cp37-cp37m-manylinux2010_i686.whl", hash = "sha256:a6211150765cc2343e69879dfb856718b0f7477a4618b5f9a8f6c3ee84c047c0"},
    {file = "grpcio-1.39.0-cp37-cp37m-manylinux2010_x86_64.whl", hash = "sha256:691f5b3a75f072dfb7b093f46303f493b885b7a42f25a831868ffaa22ee85f9d"},
    {file = "grpcio-1.39.0-cp37-cp37m-manylinux2014_i686.whl", hash = "sha256:c8fe430add656b92419f6cd0680b64fbe6347c831d89a7788324f5037dfb3359"},
    {file = "grpcio-1.39.0-cp37-cp37m-manylinux2014_x86_64.whl", hash = "sha256:3cccf470fcaab65a1b0a826ff34bd7c0861eb82ed957a83c6647a983459e4ecd"},
    {file = "grpcio-1.39.0-cp37-cp37m-manylinux_2_24_aarch64.whl", hash = "sha256:2bc7eebb405aac2d7eecfaa881fd73b489f99c01470d7193b4431a6ce199b9c3"},
    {file = "grpcio-1.39.0-cp37-cp37m-win32.whl", hash = "sha256:52100d800390d58492ed1093de6faccd957de6fc29b1a0e5948c84f275d9228f"},
    {file = "grpcio-1.39.0-cp37-cp37m-win_amd64.whl", hash = "sha256:20f57c5d09a36e0d0c8fe16ee1905f4307edb1d04f6034b56320f7fbc1a1071a"},
    {file = "grpcio-1.39.0-cp38-cp38-linux_armv7l.whl", hash = "sha256:6ba6ad60009da2258cf15a72c51b7e0c2f58c8da517e97550881e488839e56c6"},
    {file = "grpcio-1.39.0-cp38-cp38-macosx_10_10_x86_64.whl", hash = "sha256:a1fb9936b86b5efdea417fe159934bcad82a6f8c6ab7d1beec4bf3a78324d975"},
    {file = "grpcio-1.39.0-cp38-cp38-manylinux2010_i686.whl", hash = "sha256:46cfb0f2b757673bfd36ab4b0e3d61988cc1a0d47e0597e91462dcbef7528f35"},
    {file = "grpcio-1.39.0-cp38-cp38-manylinux2010_x86_64.whl", hash = "sha256:f2621c82fbbff1496993aa5fbf60e235583c7f970506e818671ad52000b6f310"},
    {file = "grpcio-1.39.0-cp38-cp38-manylinux2014_i686.whl", hash = "sha256:e98aca5cfe05ca29950b3d99006b9ddb54fde6451cd12cb2db1443ae3b9fa076"},
    {file = "grpcio-1.39.0-cp38-cp38-manylinux2014_x86_64.whl", hash = "sha256:8ed1e52ad507a54d20e6aaedf4b3edcab18cc12031eafe6de898f97513d8997b"},
    {file = "grpcio-1.39.0-cp38-cp38-manylinux_2_24_aarch64.whl", hash = "sha256:3c57fa7fec932767bc553bfb956759f45026890255bd232b2f797c3bc4dfeba2"},
    {file = "grpcio-1.39.0-cp38-cp38-win32.whl", hash = "sha256:88dbef504b491b96e3238a6d5360b04508c34c62286080060c85fddd3caf7137"},
    {file = "grpcio-1.39.0-cp38-cp38-win_amd64.whl", hash = "sha256:cffdccc94e63710dd6ead01849443390632c8e0fec52dc26e4fddf9f28ac9280"},
    {file = "grpcio-1.39.0-cp39-cp39-linux_armv7l.whl", hash = "sha256:43e0f5c49f985c94332794aa6c4f15f3a1ced336f0c6a6c8946c67b5ab111ae9"},
    {file = "grpcio-1.39.0-cp39-cp39-macosx_10_10_x86_64.whl", hash = "sha256:dc3a24022a90c1754e54315009da6f949b48862c1d06daa54f9a28f89a5efacb"},
    {file = "grpcio-1.39.0-cp39-cp39-manylinux2010_i686.whl", hash = "sha256:476fa94ba8efb09213baabd757f6f93e839794d8ae0eaa371347d6899e8f57a0"},
    {file = "grpcio-1.39.0-cp39-cp39-manylinux2010_x86_64.whl", hash = "sha256:46d510a7af777d2f38ef4c1d25491add37cad24143012f3eebe72dc5c6d0fc4c"},
    {file = "grpcio-1.39.0-cp39-cp39-manylinux2014_i686.whl", hash = "sha256:5091b4a5ee8454a8f0c8ac45946ca25d6142c3be4b1fba141f1d62a6e0b5c696"},
    {file = "grpcio-1.39.0-cp39-cp39-manylinux2014_x86_64.whl", hash = "sha256:de83a045005703e7b9e67b61c38bb72cd49f68d9d2780d2c675353a3a3f2816f"},
    {file = "grpcio-1.39.0-cp39-cp39-manylinux_2_24_aarch64.whl", hash = "sha256:4258b778ce09ffa3b7c9a26971c216a34369e786771afbf4f98afe223f27d248"},
    {file = "grpcio-1.39.0-cp39-cp39-win32.whl", hash = "sha256:c44958a24559f875d902d5c1acb0ae43faa5a84f6120d1d0d800acb52f96516e"},
    {file = "grpcio-1.39.0-cp39-cp39-win_amd64.whl", hash = "sha256:2068a2b896ac67103c4a5453d5435fafcbb1a2f41eaf25148d08780096935cee"},
    {file = "grpcio-1.39.0.tar.gz", hash = "sha256:57974361a459d6fe04c9ae0af1845974606612249f467bbd2062d963cb90f407"},
]
numpy = [
    {file = "numpy-1.19.5-cp36-cp36m-macosx_10_9_x86_64.whl", hash = "sha256:cc6bd4fd593cb261332568485e20a0712883cf631f6f5e8e86a52caa8b2b50ff"},
    {file = "numpy-1.19.5-cp36-cp36m-manylinux1_i686.whl", hash = "sha256:aeb9ed923be74e659984e321f609b9ba54a48354bfd168d21a2b072ed1e833ea"},
    {file = "numpy-1.19.5-cp36-cp36m-manylinux1_x86_64.whl", hash = "sha256:8b5e972b43c8fc27d56550b4120fe6257fdc15f9301914380b27f74856299fea"},
    {file = "numpy-1.19.5-cp36-cp36m-manylinux2010_i686.whl", hash = "sha256:43d4c81d5ffdff6bae58d66a3cd7f54a7acd9a0e7b18d97abb255defc09e3140"},
    {file = "numpy-1.19.5-cp36-cp36m-manylinux2010_x86_64.whl", hash = "sha256:a4646724fba402aa7504cd48b4b50e783296b5e10a524c7a6da62e4a8ac9698d"},
    {file = "numpy-1.19.5-cp36-cp36m-manylinux2014_aarch64.whl", hash = "sha256:2e55195bc1c6b705bfd8ad6f288b38b11b1af32f3c8289d6c50d47f950c12e76"},
    {file = "numpy-1.19.5-cp36-cp36m-win32.whl", hash = "sha256:39b70c19ec771805081578cc936bbe95336798b7edf4732ed102e7a43ec5c07a"},
    {file = "numpy-1.19.5-cp36-cp36m-win_amd64.whl", hash = "sha256:dbd18bcf4889b720ba13a27ec2f2aac1981bd41203b3a3b27ba7a33f88ae4827"},
    {file = "numpy-1.19.5-cp37-cp37m-macosx_10_9_x86_64.whl", hash = "sha256:603aa0706be710eea8884af807b1b3bc9fb2e49b9f4da439e76000f3b3c6ff0f"},
    {file = "numpy-1.19.5-cp37-cp37m-manylinux1_i686.whl", hash = "sha256:cae865b1cae1ec2663d8ea56ef6ff185bad091a5e33ebbadd98de2cfa3fa668f"},
    {file = "numpy-1.19.5-cp37-cp37m-manylinux1_x86_64.whl", hash = "sha256:36674959eed6957e61f11c912f71e78857a8d0604171dfd9ce9ad5cbf41c511c"},
    {file = "numpy-1.19.5-cp37-cp37m-manylinux2010_i686.whl", hash = "sha256:06fab248a088e439402141ea04f0fffb203723148f6ee791e9c75b3e9e82f080"},
    {file = "numpy-1.19.5-cp37-cp37m-manylinux2010_x86_64.whl", hash = "sha256:6149a185cece5ee78d1d196938b2a8f9d09f5a5ebfbba66969302a778d5ddd1d"},
    {file = "numpy-1.19.5-cp37-cp37m-manylinux2014_aarch64.whl", hash = "sha256:50a4a0ad0111cc1b71fa32dedd05fa239f7fb5a43a40663269bb5dc7877cfd28"},
    {file = "numpy-1.19.5-cp37-cp37m-win32.whl", hash = "sha256:d051ec1c64b85ecc69531e1137bb9751c6830772ee5c1c426dbcfe98ef5788d7"},
    {file = "numpy-1.19.5-cp37-cp37m-win_amd64.whl", hash = "sha256:a12ff4c8ddfee61f90a1633a4c4afd3f7bcb32b11c52026c92a12e1325922d0d"},
    {file = "numpy-1.19.5-cp38-cp38-macosx_10_9_x86_64.whl", hash = "sha256:cf2402002d3d9f91c8b01e66fbb436a4ed01c6498fffed0e4c7566da1d40ee1e"},
    {file = "numpy-1.19.5-cp38-cp38-manylinux1_i686.whl", hash = "sha256:1ded4fce9cfaaf24e7a0ab51b7a87be9038ea1ace7f34b841fe3b6894c721d1c"},
    {file = "numpy-1.19.5-cp38-cp38-manylinux1_x86_64.whl", hash = "sha256:012426a41bc9ab63bb158635aecccc7610e3eff5d31d1eb43bc099debc979d94"},
    {file = "numpy-1.19.5-cp38-cp38-manylinux2010_i686.whl", hash = "sha256:759e4095edc3c1b3ac031f34d9459fa781777a93ccc633a472a5468587a190ff"},
    {file = "numpy-1.19.5-cp38-cp38-manylinux2010_x86_64.whl", hash = "sha256:a9d17f2be3b427fbb2bce61e596cf555d6f8a56c222bd2ca148baeeb5e5c783c"},
    {file = "numpy-1.19.5-cp38-cp38-manylinux2014_aarch64.whl", hash = "sha256:99abf4f353c3d1a0c7a5f27699482c987cf663b1eac20db59b8c7b061eabd7fc"},
    {file = "numpy-1.19.5-cp38-cp38-win32.whl", hash = "sha256:384ec0463d1c2671170901994aeb6dce126de0a95ccc3976c43b0038a37329c2"},
    {file = "numpy-1.19.5-cp38-cp38-win_amd64.whl", hash = "sha256:811daee36a58dc79cf3d8bdd4a490e4277d0e4b7d103a001a4e73ddb48e7e6aa"},
    {file = "numpy-1.19.5-cp39-cp39-macosx_10_9_x86_64.whl", hash = "sha256:c843b3f50d1ab7361ca4f0b3639bf691569493a56808a0b0c54a051d260b7dbd"},
    {file = "numpy-1.19.5-cp39-cp39-manylinux1_i686.whl", hash = "sha256:d6631f2e867676b13026e2846180e2c13c1e11289d67da08d71cacb2cd93d4aa"},
    {file = "numpy-1.19.5-cp39-cp39-manylinux1_x86_64.whl", hash = "sha256:7fb43004bce0ca31d8f13a6eb5e943fa73371381e53f7074ed21a4cb786c32f8"},
    {file = "numpy-1.19.5-cp39-cp39-manylinux2010_i686.whl", hash = "sha256:2ea52bd92ab9f768cc64a4c3ef8f4b2580a17af0a5436f6126b08efbd1838371"},
    {file = "numpy-1.19.5-cp39-cp39-manylinux2010_x86_64.whl", hash = "sha256:400580cbd3cff6ffa6293df2278c75aef2d58d8d93d3c5614cd67981dae68ceb"},
    {file = "numpy-1.19.5-cp39-cp39-manylinux2014_aarch64.whl", hash = "sha256:df609c82f18c5b9f6cb97271f03315ff0dbe481a2a02e56aeb1b1a985ce38e60"},
    {file = "numpy-1.19.5-cp39-cp39-win32.whl", hash = "sha256:ab83f24d5c52d60dbc8cd0528759532736b56db58adaa7b5f1f76ad551416a1e"},
    {file = "numpy-1.19.5-cp39-cp39-win_amd64.whl", hash = "sha256:0eef32ca3132a48e43f6a0f5a82cb508f22ce5a3d6f67a8329c81c8e226d3f6e"},
    {file = "numpy-1.19.5-pp36-pypy36_pp73-manylinux2010_x86_64.whl", hash = "sha256:a0d53e51a6cb6f0d9082decb7a4cb6dfb33055308c4c44f53103c073f649af73"},
    {file = "numpy-1.19.5.zip", hash = "sha256:a76f502430dd98d7546e1ea2250a7360c065a5fdea52b2dffe8ae7180909b6f4"},
]
pillow = [
    {file = "Pillow-8.1.0-cp36-cp36m-macosx_10_10_x86_64.whl", hash = "sha256:d355502dce85ade85a2511b40b4c61a128902f246504f7de29bbeec1ae27933a"},
    {file = "Pillow-8.1.0-cp36-cp36m-manylinux1_i686.whl", hash = "sha256:93a473b53cc6e0b3ce6bf51b1b95b7b1e7e6084be3a07e40f79b42e83503fbf2"},
    {file = "Pillow-8.1.0-cp36-cp36m-manylinux1_x86_64.whl", hash = "sha256:2353834b2c49b95e1313fb34edf18fca4d57446675d05298bb694bca4b194174"},
    {file = "Pillow-8.1.0-cp36-cp36m-manylinux2014_aarch64.whl", hash = "sha256:1d208e670abfeb41b6143537a681299ef86e92d2a3dac299d3cd6830d5c7bded"},
    {file = "Pillow-8.1.0-cp36-cp36m-win32.whl", hash = "sha256:dd9eef866c70d2cbbea1ae58134eaffda0d4bfea403025f4db6859724b18ab3d"},
    {file = "Pillow-8.1.0-cp36-cp36m-win_amd64.whl", hash = "sha256:b09e10ec453de97f9a23a5aa5e30b334195e8d2ddd1ce76cc32e52ba63c8b31d"},
    {file = "Pillow-8.1.0-cp37-cp37m-macosx_10_10_x86_64.whl", hash = "sha256:b02a0b9f332086657852b1f7cb380f6a42403a6d9c42a4c34a561aa4530d5234"},
    {file = "Pillow-8.1.0-cp37-cp37m-manylinux1_i686.whl", hash = "sha256:ca20739e303254287138234485579b28cb0d524401f83d5129b5ff9d606cb0a8"},
    {file = "Pillow-8.1.0-cp37-cp37m-manylinux1_x86_64.whl", hash = "sha256:604815c55fd92e735f9738f65dabf4edc3e79f88541c221d292faec1904a4b17"},
    {file = "Pillow-8.1.0-cp37-cp37m-manylinux2014_aarch64.whl", hash = "sha256:cf6e33d92b1526190a1de904df21663c46a456758c0424e4f947ae9aa6088bf7"},
    {file = "Pillow-8.1.0-cp37-cp37m-win32.whl", hash = "sha256:47c0d93ee9c8b181f353dbead6530b26980fe4f5485aa18be8f1fd3c3cbc685e"},
    {file = "Pillow-8.1.0-cp37-cp37m-win_amd64.whl", hash = "sha256:96d4dc103d1a0fa6d47c6c55a47de5f5dafd5ef0114fa10c85a1fd8e0216284b"},
    {file = "Pillow-8.1.0-cp38-cp38-macosx_10_10_x86_64.whl", hash = "sha256:7916cbc94f1c6b1301ac04510d0881b9e9feb20ae34094d3615a8a7c3db0dcc0"},
    {file = "Pillow-8.1.0-cp38-cp38-manylinux1_i686.whl", hash = "sha256:3de6b2ee4f78c6b3d89d184ade5d8fa68af0848f9b6b6da2b9ab7943ec46971a"},
    {file = "Pillow-8.1.0-cp38-cp38-manylinux1_x86_64.whl", hash = "sha256:cdbbe7dff4a677fb555a54f9bc0450f2a21a93c5ba2b44e09e54fcb72d2bd13d"},
    {file = "Pillow-8.1.0-cp38-cp38-manylinux2014_aarch64.whl", hash = "sha256:f50e7a98b0453f39000619d845be8b06e611e56ee6e8186f7f60c3b1e2f0feae"},
    {file = "Pillow-8.1.0-cp38-cp38-win32.whl", hash = "sha256:cb192176b477d49b0a327b2a5a4979552b7a58cd42037034316b8018ac3ebb59"},
    {file = "Pillow-8.1.0-cp38-cp38-win_amd64.whl", hash = "sha256:6c5275bd82711cd3dcd0af8ce0bb99113ae8911fc2952805f1d012de7d600a4c"},
    {file = "Pillow-8.1.0-cp39-cp39-macosx_10_10_x86_64.whl", hash = "sha256:165c88bc9d8dba670110c689e3cc5c71dbe4bfb984ffa7cbebf1fac9554071d6"},
    {file = "Pillow-8.1.0-cp39-cp39-manylinux1_i686.whl", hash = "sha256:5e2fe3bb2363b862671eba632537cd3a823847db4d98be95690b7e382f3d6378"},
    {file = "Pillow-8.1.0-cp39-cp39-manylinux1_x86_64.whl", hash = "sha256:7612520e5e1a371d77e1d1ca3a3ee6227eef00d0a9cddb4ef7ecb0b7396eddf7"},
    {file = "Pillow-8.1.0-cp39-cp39-manylinux2014_aarch64.whl", hash = "sha256:d673c4990acd016229a5c1c4ee8a9e6d8f481b27ade5fc3d95938697fa443ce0"},
    {file = "Pillow-8.1.0-cp39-cp39-win32.whl", hash = "sha256:dc577f4cfdda354db3ae37a572428a90ffdbe4e51eda7849bf442fb803f09c9b"},
    {file = "Pillow-8.1.0-cp39-cp39-win_amd64.whl", hash = "sha256:22d070ca2e60c99929ef274cfced04294d2368193e935c5d6febfd8b601bf865"},
    {file = "Pillow-8.1.0-pp36-pypy36_pp73-macosx_10_10_x86_64.whl", hash = "sha256:a3d3e086474ef12ef13d42e5f9b7bbf09d39cf6bd4940f982263d6954b13f6a9"},
    {file = "Pillow-8.1.0-pp36-pypy36_pp73-manylinux2010_i686.whl", hash = "sha256:731ca5aabe9085160cf68b2dbef95fc1991015bc0a3a6ea46a371ab88f3d0913"},
    {file = "Pillow-8.1.0-pp36-pypy36_pp73-manylinux2010_x86_64.whl", hash = "sha256:bba80df38cfc17f490ec651c73bb37cd896bc2400cfba27d078c2135223c1206"},
    {file = "Pillow-8.1.0-pp37-pypy37_pp73-macosx_10_10_x86_64.whl", hash = "sha256:c3d911614b008e8a576b8e5303e3db29224b455d3d66d1b2848ba6ca83f9ece9"},
    {file = "Pillow-8.1.0-pp37-pypy37_pp73-manylinux2010_i686.whl", hash = "sha256:39725acf2d2e9c17356e6835dccebe7a697db55f25a09207e38b835d5e1bc032"},
    {file = "Pillow-8.1.0-pp37-pypy37_pp73-manylinux2010_x86_64.whl", hash = "sha256:81c3fa9a75d9f1afafdb916d5995633f319db09bd773cb56b8e39f1e98d90820"},
    {file = "Pillow-8.1.0-pp37-pypy37_pp73-win32.whl", hash = "sha256:b6f00ad5ebe846cc91763b1d0c6d30a8042e02b2316e27b05de04fa6ec831ec5"},
    {file = "Pillow-8.1.0.tar.gz", hash = "sha256:887668e792b7edbfb1d3c9d8b5d8c859269a0f0eba4dda562adb95500f60dbba"},
]
protobuf = [
    {file = "protobuf-3.17.3-cp27-cp27m-macosx_10_9_x86_64.whl", hash = "sha256:ab6bb0e270c6c58e7ff4345b3a803cc59dbee19ddf77a4719c5b635f1d547aa8"},
    {file = "protobuf-3.17.3-cp27-cp27mu-manylinux_2_5_x86_64.manylinux1_x86_64.whl", hash = "sha256:13ee7be3c2d9a5d2b42a1030976f760f28755fcf5863c55b1460fd205e6cd637"},
    {file = "protobuf-3.17.3-cp35-cp35m-macosx_10_9_intel.whl", hash = "sha256:1556a1049ccec58c7855a78d27e5c6e70e95103b32de9142bae0576e9200a1b0"},
    {file = "protobuf-3.17.3-cp35-cp35m-manylinux_2_5_x86_64.manylinux1_x86_64.whl", hash = "sha256:f0e59430ee953184a703a324b8ec52f571c6c4259d496a19d1cabcdc19dabc62"},
    {file = "protobuf-3.17.3-cp35-cp35m-win32.whl", hash = "sha256:a981222367fb4210a10a929ad5983ae93bd5a050a0824fc35d6371c07b78caf6"},
    {file = "protobuf-3.17.3-cp35-cp35m-win_amd64.whl", hash = "sha256:6d847c59963c03fd7a0cd7c488cadfa10cda4fff34d8bc8cba92935a91b7a037"},
    {file = "protobuf-3.17.3-cp36-cp36m-macosx_10_9_x86_64.whl", hash = "sha256:145ce0af55c4259ca74993ddab3479c78af064002ec8227beb3d944405123c71"},
    {file = "protobuf-3.17.3-cp36-cp36m-manylinux_2_5_x86_64.manylinux1_x86_64.whl", hash = "sha256:6ce4d8bf0321e7b2d4395e253f8002a1a5ffbcfd7bcc0a6ba46712c07d47d0b4"},
    {file = "protobuf-3.17.3-cp36-cp36m-win32.whl", hash = "sha256:7a4c97961e9e5b03a56f9a6c82742ed55375c4a25f2692b625d4087d02ed31b9"},
    {file = "protobuf-3.17.3-cp36-cp36m-win_amd64.whl", hash = "sha256:a22b3a0dbac6544dacbafd4c5f6a29e389a50e3b193e2c70dae6bbf7930f651d"},
    {file = "protobuf-3.17.3-cp37-cp37m-macosx_10_9_x86_64.whl", hash = "sha256:ffea251f5cd3c0b9b43c7a7a912777e0bc86263436a87c2555242a348817221b"},
    {file = "protobuf-3.17.3-cp37-cp37m-manylinux2014_aarch64.whl", hash = "sha256:9b7a5c1022e0fa0dbde7fd03682d07d14624ad870ae52054849d8960f04bc764"},
    {file = "protobuf-3.17.3-cp37-cp37m-manylinux_2_5_x86_64.manylinux1_x86_64.whl", hash = "sha256:8727ee027157516e2c311f218ebf2260a18088ffb2d29473e82add217d196b1c"},
    {file = "protobuf-3.17.3-cp37-cp37m-win32.whl", hash = "sha256:14c1c9377a7ffbeaccd4722ab0aa900091f52b516ad89c4b0c3bb0a4af903ba5"},
    {file = "protobuf-3.17.3-cp37-cp37m-win_amd64.whl", hash = "sha256:c56c050a947186ba51de4f94ab441d7f04fcd44c56df6e922369cc2e1a92d683"},
    {file = "protobuf-3.17.3-cp38-cp38-macosx_10_9_x86_64.whl", hash = "sha256:2ae692bb6d1992afb6b74348e7bb648a75bb0d3565a3f5eea5bec8f62bd06d87"},
    {file = "protobuf-3.17.3-cp38-cp38-manylinux2014_aarch64.whl", hash = "sha256:99938f2a2d7ca6563c0ade0c5ca8982264c484fdecf418bd68e880a7ab5730b1"},
    {file = "protobuf-3.17.3-cp38-cp38-manylinux_2_5_x86_64.manylinux1_x86_64.whl", hash = "sha256:6902a1e4b7a319ec611a7345ff81b6b004b36b0d2196ce7a748b3493da3d226d"},
    {file = "protobuf-3.17.3-cp38-cp38-win32.whl", hash = "sha256:59e5cf6b737c3a376932fbfb869043415f7c16a0cf176ab30a5bbc419cd709c1"},
    {file = "protobuf-3.17.3-cp38-cp38-win_amd64.whl", hash = "sha256:ebcb546f10069b56dc2e3da35e003a02076aaa377caf8530fe9789570984a8d2"},
    {file = "protobuf-3.17.3-cp39-cp39-macosx_10_9_x86_64.whl", hash = "sha256:4ffbd23640bb7403574f7aff8368e2aeb2ec9a5c6306580be48ac59a6bac8bde"},
    {file = "protobuf-3.17.3-cp39-cp39-manylinux2014_aarch64.whl", hash = "sha256:26010f693b675ff5a1d0e1bdb17689b8b716a18709113288fead438703d45539"},
    {file = "protobuf-3.17.3-cp39-cp39-manylinux_2_5_x86_64.manylinux1_x86_64.whl", hash = "sha256:e76d9686e088fece2450dbc7ee905f9be904e427341d289acbe9ad00b78ebd47"},
    {file = "protobuf-3.17.3-cp39-cp39-win32.whl", hash = "sha256:a38bac25f51c93e4be4092c88b2568b9f407c27217d3dd23c7a57fa522a17554"},
    {file = "protobuf-3.17.3-cp39-cp39-win_amd64.whl", hash = "sha256:85d6303e4adade2827e43c2b54114d9a6ea547b671cb63fafd5011dc47d0e13d"},
    {file = "protobuf-3.17.3-py2.py3-none-any.whl", hash = "sha256:2bfb815216a9cd9faec52b16fd2bfa68437a44b67c56bee59bc3926522ecb04e"},
    {file = "protobuf-3.17.3.tar.gz", hash = "sha256:72804ea5eaa9c22a090d2803813e280fb273b62d5ae497aaf3553d141c4fdd7b"},
]
six = [
    {file = "six-1.16.0-py2.py3-none-any.whl", hash = "sha256:8abb2f1d86890a2dfb989f9a77cfcfd3e47c2a354b01111771326f8aa26e0254"},
    {file = "six-1.16.0.tar.gz", hash = "sha256:1e61c37477a1626458e36f7b1d82aa5c9b094fa4802892072e49de9c60c4c926"},
]
soupsieve = [
    {file = "soupsieve-2.2.1-py3-none-any.whl", hash = "sha256:c2c1c2d44f158cdbddab7824a9af8c4f83c76b1e23e049479aa432feb6c4c23b"},
    {file = "soupsieve-2.2.1.tar.gz", hash = "sha256:052774848f448cf19c7e959adf5566904d525f33a3f8b6ba6f6f8f26ec7de0cc"},
]
torch = [
    {file = "torch-1.7.1-cp36-cp36m-manylinux1_x86_64.whl", hash = "sha256:422e64e98d0e100c360993819d0307e5d56e9517b26135808ad68984d577d75a"},
    {file = "torch-1.7.1-cp36-cp36m-win_amd64.whl", hash = "sha256:f0aaf657145533824b15f2fd8fde8f8c67fe6c6281088ef588091f03fad90243"},
    {file = "torch-1.7.1-cp36-none-macosx_10_9_x86_64.whl", hash = "sha256:af464a6f4314a875035e0c4c2b07517599704b214634f4ed3ad2e748c5ef291f"},
    {file = "torch-1.7.1-cp37-cp37m-manylinux1_x86_64.whl", hash = "sha256:5d76c255a41484c1d41a9ff570b9c9f36cb85df9428aa15a58ae16ac7cfc2ea6"},
    {file = "torch-1.7.1-cp37-cp37m-win_amd64.whl", hash = "sha256:d241c3f1c4d563e4ba86f84769c23e12606db167ee6f674eedff6d02901462e3"},
    {file = "torch-1.7.1-cp37-none-macosx_10_9_x86_64.whl", hash = "sha256:de84b4166e3f7335eb868b51d3bbd909ec33828af27290b4171bce832a55be3c"},
    {file = "torch-1.7.1-cp38-cp38-manylinux1_x86_64.whl", hash = "sha256:dd2fc6880c95e836960d86efbbc7f63d3287f2e1893c51d31f96dbfe02f0d73e"},
    {file = "torch-1.7.1-cp38-cp38-win_amd64.whl", hash = "sha256:e000b94be3aa58ad7f61e7d07cf379ea9366cf6c6874e68bd58ad0bdc537b3a7"},
    {file = "torch-1.7.1-cp38-none-macosx_10_9_x86_64.whl", hash = "sha256:2e49cac969976be63117004ee00d0a3e3dd4ea662ad77383f671b8992825de1a"},
    {file = "torch-1.7.1-cp39-cp39-manylinux1_x86_64.whl", hash = "sha256:a3793dcceb12b1e2281290cca1277c5ce86ddfd5bf044f654285a4d69057aea7"},
    {file = "torch-1.7.1-cp39-cp39-win_amd64.whl", hash = "sha256:6652a767a0572ae0feb74ad128758e507afd3b8396b6e7f147e438ba8d4c6f63"},
    {file = "torch-1.7.1-cp39-none-macosx_10_9_x86_64.whl", hash = "sha256:38d67f4fb189a92a977b2c0a38e4f6dd413e0bf55aa6d40004696df7e40a71ff"},
]
torchvision = [
    {file = "torchvision-0.8.2-cp36-cp36m-macosx_10_9_x86_64.whl", hash = "sha256:86fae370d222f76ad57c57c3bee03f78b8db727743bfb4c1559a3d395159cea8"},
    {file = "torchvision-0.8.2-cp36-cp36m-manylinux1_x86_64.whl", hash = "sha256:951239b5fcb911dbf78c1385d677f5f48c7a1b12859e3d3ec287562821b17cf2"},
    {file = "torchvision-0.8.2-cp37-cp37m-macosx_10_9_x86_64.whl", hash = "sha256:24db8f4c3d812a032273f68563ad5dbd724f5bfbed523d0c6dce8cede26bb153"},
    {file = "torchvision-0.8.2-cp37-cp37m-manylinux1_x86_64.whl", hash = "sha256:b068f6bcbe91bdd34dda0a39e8a26392add45a3be82543f6dd523b76484fb56f"},
    {file = "torchvision-0.8.2-cp38-cp38-macosx_10_9_x86_64.whl", hash = "sha256:afb76a66b9b0693f758a881a2bf333ed97e3c0c3f15a413c4f49d8dd8bd21307"},
    {file = "torchvision-0.8.2-cp38-cp38-manylinux1_x86_64.whl", hash = "sha256:cd8817e9197fc60ebae37162a445db90bbf35591314a5767ad3d1490b5d65b0f"},
    {file = "torchvision-0.8.2-cp39-cp39-macosx_10_9_x86_64.whl", hash = "sha256:1bd58acc3366ec02266aae56a7a752d43ef07de4a6ba420c4f907d0c9168bb8c"},
    {file = "torchvision-0.8.2-cp39-cp39-manylinux1_x86_64.whl", hash = "sha256:976750a49db2e23dc5a1ed0b5c31f7af51ed2702eee410ee09ef985c3a3e48cf"},
]
typing-extensions = [
    {file = "typing_extensions-3.10.0.2-py2-none-any.whl", hash = "sha256:d8226d10bc02a29bcc81df19a26e56a9647f8b0a6d4a83924139f4a8b01f17b7"},
    {file = "typing_extensions-3.10.0.2-py3-none-any.whl", hash = "sha256:f1d25edafde516b146ecd0613dabcc61409817af4766fbbcfb8d1ad4ec441a34"},
    {file = "typing_extensions-3.10.0.2.tar.gz", hash = "sha256:49f75d16ff11f1cd258e1b988ccff82a3ca5570217d7ad8c5f48205dd99a677e"},
]
