// !$*UTF8*$!
{
	archiveVersion = 1;
	classes = {
	};
	objectVersion = 60;
	objects = {

/* Begin PBXBuildFile section */
		208DA00DDFEA33FA2D1A112E /* Flwr in Frameworks */ = {isa = PBXBuildFile; productRef = 15139DB4CC3098599F34292F /* Flwr */; };
		4545595769757CDF5A93B6D1 /* main.swift in Sources */ = {isa = PBXBuildFile; fileRef = EB49280706125EC6055EAD24 /* main.swift */; };
		48FF80AC17C637B85E744AD8 /* main.swift in Sources */ = {isa = PBXBuildFile; fileRef = 9E6A8873D262AA6AE119F79B /* main.swift */; };
		79E008597C41118E7A522295 /* Flwr in Frameworks */ = {isa = PBXBuildFile; productRef = 373207A0BF3B259232F9BF9D /* Flwr */; };
		96BF61B6193BE6C646A83537 /* Flwr in Frameworks */ = {isa = PBXBuildFile; productRef = 576C5843B4F652E912D76DFC /* Flwr */; };
		C8FED47FAC926B716DA0899D /* Flwr in Frameworks */ = {isa = PBXBuildFile; productRef = 6D8B0AC98833A52178D0497F /* Flwr */; };
/* End PBXBuildFile section */

/* Begin PBXFileReference section */
		213FDA1B2D83071400D188FF /* HelloWorldApp.swift */ = {isa = PBXFileReference; lastKnownFileType = sourcecode.swift; path = HelloWorldApp.swift; sourceTree = "<group>"; };
		213FDA1C2D83073300D188FF /* ContentView.swift */ = {isa = PBXFileReference; lastKnownFileType = sourcecode.swift; path = ContentView.swift; sourceTree = "<group>"; };
		213FDA1D2D83076900D188FF /* HelloWorldApp.swift */ = {isa = PBXFileReference; lastKnownFileType = sourcecode.swift; path = HelloWorldApp.swift; sourceTree = "<group>"; };
		213FDA1E2D83077100D188FF /* ContentView.swift */ = {isa = PBXFileReference; lastKnownFileType = sourcecode.swift; path = ContentView.swift; sourceTree = "<group>"; };
		69212C0CFA05658DA8C0A74D /* flower */ = {isa = PBXFileReference; lastKnownFileType = folder; name = flower; path = .; sourceTree = SOURCE_ROOT; };
		8479E2DC84518C08DD6AF276 /* hello-world-macos.app */ = {isa = PBXFileReference; explicitFileType = wrapper.application; includeInIndex = 0; path = "hello-world-macos.app"; sourceTree = BUILT_PRODUCTS_DIR; };
		9E6A8873D262AA6AE119F79B /* main.swift */ = {isa = PBXFileReference; lastKnownFileType = sourcecode.swift; path = main.swift; sourceTree = "<group>"; };
		C6BD3399AA6BD83B07A5EA84 /* streaming-cli */ = {isa = PBXFileReference; includeInIndex = 0; lastKnownFileType = text; path = "streaming-cli"; sourceTree = BUILT_PRODUCTS_DIR; };
		CCDCB52D0C26A18CD0141074 /* hello-world-cli */ = {isa = PBXFileReference; includeInIndex = 0; lastKnownFileType = text; path = "hello-world-cli"; sourceTree = BUILT_PRODUCTS_DIR; };
		EB49280706125EC6055EAD24 /* main.swift */ = {isa = PBXFileReference; lastKnownFileType = sourcecode.swift; path = main.swift; sourceTree = "<group>"; };
		FD42C6A2EB3ECEECEFB04CD2 /* hello-world-ios.app */ = {isa = PBXFileReference; includeInIndex = 0; lastKnownFileType = wrapper.application; path = "hello-world-ios.app"; sourceTree = BUILT_PRODUCTS_DIR; };
/* End PBXFileReference section */

/* Begin PBXFrameworksBuildPhase section */
		47AFF7473930F0E9A1D13F2D /* Frameworks */ = {
			isa = PBXFrameworksBuildPhase;
			buildActionMask = 2147483647;
			files = (
				79E008597C41118E7A522295 /* Flwr in Frameworks */,
			);
			runOnlyForDeploymentPostprocessing = 0;
		};
		5C6373A92920E767AB25027B /* Frameworks */ = {
			isa = PBXFrameworksBuildPhase;
			buildActionMask = 2147483647;
			files = (
				C8FED47FAC926B716DA0899D /* Flwr in Frameworks */,
			);
			runOnlyForDeploymentPostprocessing = 0;
		};
		A96D7DC03575303B60AF7480 /* Frameworks */ = {
			isa = PBXFrameworksBuildPhase;
			buildActionMask = 2147483647;
			files = (
				208DA00DDFEA33FA2D1A112E /* Flwr in Frameworks */,
			);
			runOnlyForDeploymentPostprocessing = 0;
		};
		AECA0E9B28A1D6B9CC563400 /* Frameworks */ = {
			isa = PBXFrameworksBuildPhase;
			buildActionMask = 2147483647;
			files = (
				96BF61B6193BE6C646A83537 /* Flwr in Frameworks */,
			);
			runOnlyForDeploymentPostprocessing = 0;
		};
/* End PBXFrameworksBuildPhase section */

/* Begin PBXGroup section */
		17070FB607F1A93B597A9383 /* hello-world-ios */ = {
			isa = PBXGroup;
			children = (
				213FDA1B2D83071400D188FF /* HelloWorldApp.swift */,
				213FDA1C2D83073300D188FF /* ContentView.swift */,
			);
			name = "hello-world-ios";
			path = "intelligence/swift/examples/hello-world-ios";
			sourceTree = "<group>";
		};
		284E31D4D0AF6515A39364A0 /* streaming-cli */ = {
			isa = PBXGroup;
			children = (
				9E6A8873D262AA6AE119F79B /* main.swift */,
			);
			name = "streaming-cli";
			path = "intelligence/swift/examples/streaming-cli";
			sourceTree = "<group>";
		};
		33A6C1819E46C8473CCBC357 = {
			isa = PBXGroup;
			children = (
				3C25C9C3F81B52B5018F66DD /* hello-world-cli */,
				17070FB607F1A93B597A9383 /* hello-world-ios */,
				A7D4934C0102920B93405E95 /* hello-world-macos */,
				E0A685C9273E6A69D7A151CB /* Packages */,
				284E31D4D0AF6515A39364A0 /* streaming-cli */,
				CF91D5D4DF95608A7EB662BF /* Products */,
			);
			sourceTree = "<group>";
		};
		3C25C9C3F81B52B5018F66DD /* hello-world-cli */ = {
			isa = PBXGroup;
			children = (
				EB49280706125EC6055EAD24 /* main.swift */,
			);
			name = "hello-world-cli";
			path = "intelligence/swift/examples/hello-world-cli";
			sourceTree = "<group>";
		};
		A7D4934C0102920B93405E95 /* hello-world-macos */ = {
			isa = PBXGroup;
			children = (
				213FDA1D2D83076900D188FF /* HelloWorldApp.swift */,
				213FDA1E2D83077100D188FF /* ContentView.swift */,
			);
			name = "hello-world-macos";
			path = "intelligence/swift/examples/hello-world-macos";
			sourceTree = "<group>";
		};
		CF91D5D4DF95608A7EB662BF /* Products */ = {
			isa = PBXGroup;
			children = (
				CCDCB52D0C26A18CD0141074 /* hello-world-cli */,
				FD42C6A2EB3ECEECEFB04CD2 /* hello-world-ios.app */,
				8479E2DC84518C08DD6AF276 /* hello-world-macos.app */,
				C6BD3399AA6BD83B07A5EA84 /* streaming-cli */,
			);
			name = Products;
			sourceTree = "<group>";
		};
		E0A685C9273E6A69D7A151CB /* Packages */ = {
			isa = PBXGroup;
			children = (
				69212C0CFA05658DA8C0A74D /* flower */,
			);
			name = Packages;
			sourceTree = "<group>";
		};
/* End PBXGroup section */

/* Begin PBXNativeTarget section */
		4673BF2ACFB281464516E7F3 /* hello-world-ios */ = {
			isa = PBXNativeTarget;
			buildConfigurationList = 94635E797BA13466BF4F0896 /* Build configuration list for PBXNativeTarget "hello-world-ios" */;
			buildPhases = (
				9AA7B54332A7393D608DB827 /* Sources */,
				47AFF7473930F0E9A1D13F2D /* Frameworks */,
			);
			buildRules = (
			);
			dependencies = (
			);
			name = "hello-world-ios";
			packageProductDependencies = (
				373207A0BF3B259232F9BF9D /* Flwr */,
			);
			productName = "hello-world-ios";
			productReference = FD42C6A2EB3ECEECEFB04CD2 /* hello-world-ios.app */;
			productType = "com.apple.product-type.application";
		};
		54B8E20FBF3685A8CB545764 /* streaming-cli */ = {
			isa = PBXNativeTarget;
			buildConfigurationList = A5B7183CE630979926292BE3 /* Build configuration list for PBXNativeTarget "streaming-cli" */;
			buildPhases = (
				54E34C14BA57DF94A657B07E /* Sources */,
				A96D7DC03575303B60AF7480 /* Frameworks */,
			);
			buildRules = (
			);
			dependencies = (
			);
			name = "streaming-cli";
			packageProductDependencies = (
				15139DB4CC3098599F34292F /* Flwr */,
			);
			productName = "streaming-cli";
			productReference = C6BD3399AA6BD83B07A5EA84 /* streaming-cli */;
			productType = "com.apple.product-type.tool";
		};
		8085A333DE63938527EAD848 /* hello-world-macos */ = {
			isa = PBXNativeTarget;
			buildConfigurationList = A653252CD4A35B230DFBADE8 /* Build configuration list for PBXNativeTarget "hello-world-macos" */;
			buildPhases = (
				E19597DB45A593067740F8D3 /* Sources */,
				5C6373A92920E767AB25027B /* Frameworks */,
			);
			buildRules = (
			);
			dependencies = (
			);
			name = "hello-world-macos";
			packageProductDependencies = (
				6D8B0AC98833A52178D0497F /* Flwr */,
			);
			productName = "hello-world-macos";
			productReference = 8479E2DC84518C08DD6AF276 /* hello-world-macos.app */;
			productType = "com.apple.product-type.application";
		};
		E0E6C724053C978CC8E309F1 /* hello-world-cli */ = {
			isa = PBXNativeTarget;
			buildConfigurationList = F3209EF28C9A02B453F19324 /* Build configuration list for PBXNativeTarget "hello-world-cli" */;
			buildPhases = (
				57ABBC6F848867B7BE3F5C3B /* Sources */,
				AECA0E9B28A1D6B9CC563400 /* Frameworks */,
			);
			buildRules = (
			);
			dependencies = (
			);
			name = "hello-world-cli";
			packageProductDependencies = (
				576C5843B4F652E912D76DFC /* Flwr */,
			);
			productName = "hello-world-cli";
			productReference = CCDCB52D0C26A18CD0141074 /* hello-world-cli */;
			productType = "com.apple.product-type.tool";
		};
/* End PBXNativeTarget section */

/* Begin PBXProject section */
		B11C6C63FD49D55AB41DEFBC /* Project object */ = {
			isa = PBXProject;
			attributes = {
				BuildIndependentTargetsInParallel = YES;
				LastUpgradeCheck = 1430;
			};
			buildConfigurationList = F58BFF02AE30E45A3697BCF0 /* Build configuration list for PBXProject "FI-Swift-Examples" */;
			compatibilityVersion = "Xcode 14.0";
			developmentRegion = en;
			hasScannedForEncodings = 0;
			knownRegions = (
				Base,
				en,
			);
			mainGroup = 33A6C1819E46C8473CCBC357;
			packageReferences = (
				C91BFF75EB81DE13234F014E /* XCLocalSwiftPackageReference "." */,
			);
			projectDirPath = "";
			projectRoot = "";
			targets = (
				E0E6C724053C978CC8E309F1 /* hello-world-cli */,
				4673BF2ACFB281464516E7F3 /* hello-world-ios */,
				8085A333DE63938527EAD848 /* hello-world-macos */,
				54B8E20FBF3685A8CB545764 /* streaming-cli */,
			);
		};
/* End PBXProject section */

/* Begin PBXSourcesBuildPhase section */
		54E34C14BA57DF94A657B07E /* Sources */ = {
			isa = PBXSourcesBuildPhase;
			buildActionMask = 2147483647;
			files = (
				48FF80AC17C637B85E744AD8 /* main.swift in Sources */,
			);
			runOnlyForDeploymentPostprocessing = 0;
		};
		57ABBC6F848867B7BE3F5C3B /* Sources */ = {
			isa = PBXSourcesBuildPhase;
			buildActionMask = 2147483647;
			files = (
				4545595769757CDF5A93B6D1 /* main.swift in Sources */,
			);
			runOnlyForDeploymentPostprocessing = 0;
		};
		9AA7B54332A7393D608DB827 /* Sources */ = {
			isa = PBXSourcesBuildPhase;
			buildActionMask = 2147483647;
			files = (
			);
			runOnlyForDeploymentPostprocessing = 0;
		};
		E19597DB45A593067740F8D3 /* Sources */ = {
			isa = PBXSourcesBuildPhase;
			buildActionMask = 2147483647;
			files = (
			);
			runOnlyForDeploymentPostprocessing = 0;
		};
/* End PBXSourcesBuildPhase section */

/* Begin XCBuildConfiguration section */
		16486AF060A2F92E3A70D467 /* Release */ = {
			isa = XCBuildConfiguration;
			buildSettings = {
				ASSETCATALOG_COMPILER_APPICON_NAME = AppIcon;
				COMBINE_HIDPI_IMAGES = YES;
				INFOPLIST_FILE = "intelligence/swift/examples/hello-world-macos/Info.plist";
				LD_RUNPATH_SEARCH_PATHS = (
					"$(inherited)",
					"@executable_path/../Frameworks",
				);
				MACOSX_DEPLOYMENT_TARGET = 13.0;
				PRODUCT_BUNDLE_IDENTIFIER = "ai.flower.hello-world-macos";
				PRODUCT_NAME = "hello-world-macos";
				SDKROOT = macosx;
			};
			name = Release;
		};
		3D91A7BFDE419E94F631E2A9 /* Debug */ = {
			isa = XCBuildConfiguration;
			buildSettings = {
				COMBINE_HIDPI_IMAGES = YES;
				LD_RUNPATH_SEARCH_PATHS = (
					"$(inherited)",
					"@executable_path/../Frameworks",
				);
				MACH_O_TYPE = mh_execute;
				PRODUCT_BUNDLE_IDENTIFIER = "ai.flower.streaming-cli";
				PRODUCT_NAME = "streaming-cli";
				SDKROOT = macosx;
			};
			name = Debug;
		};
		41F43A7D925518D4FB3A1813 /* Release */ = {
			isa = XCBuildConfiguration;
			buildSettings = {
				COMBINE_HIDPI_IMAGES = YES;
				LD_RUNPATH_SEARCH_PATHS = (
					"$(inherited)",
					"@executable_path/../Frameworks",
				);
				MACH_O_TYPE = mh_execute;
				PRODUCT_BUNDLE_IDENTIFIER = "ai.flower.hello-world-cli";
				PRODUCT_NAME = "hello-world-cli";
				SDKROOT = macosx;
			};
			name = Release;
		};
		555E15AADF7AB5EDCA8D3C94 /* Debug */ = {
			isa = XCBuildConfiguration;
			buildSettings = {
				ASSETCATALOG_COMPILER_APPICON_NAME = AppIcon;
				CODE_SIGN_IDENTITY = "iPhone Developer";
				INFOPLIST_FILE = "intelligence/swift/examples/hello-world-ios/Info.plist";
				LD_RUNPATH_SEARCH_PATHS = (
					"$(inherited)",
					"@executable_path/Frameworks",
				);
				PRODUCT_BUNDLE_IDENTIFIER = "ai.flower.hello-world-ios";
				PRODUCT_NAME = "hello-world-ios";
				SDKROOT = iphoneos;
				TARGETED_DEVICE_FAMILY = 1;
			};
			name = Debug;
		};
		71AD52A235C211609189E941 /* Debug */ = {
			isa = XCBuildConfiguration;
			buildSettings = {
				ALWAYS_SEARCH_USER_PATHS = NO;
				CLANG_ANALYZER_NONNULL = YES;
				CLANG_ANALYZER_NUMBER_OBJECT_CONVERSION = YES_AGGRESSIVE;
				CLANG_CXX_LANGUAGE_STANDARD = "gnu++14";
				CLANG_CXX_LIBRARY = "libc++";
				CLANG_ENABLE_MODULES = YES;
				CLANG_ENABLE_OBJC_ARC = YES;
				CLANG_ENABLE_OBJC_WEAK = YES;
				CLANG_WARN_BLOCK_CAPTURE_AUTORELEASING = YES;
				CLANG_WARN_BOOL_CONVERSION = YES;
				CLANG_WARN_COMMA = YES;
				CLANG_WARN_CONSTANT_CONVERSION = YES;
				CLANG_WARN_DEPRECATED_OBJC_IMPLEMENTATIONS = YES;
				CLANG_WARN_DIRECT_OBJC_ISA_USAGE = YES_ERROR;
				CLANG_WARN_DOCUMENTATION_COMMENTS = YES;
				CLANG_WARN_EMPTY_BODY = YES;
				CLANG_WARN_ENUM_CONVERSION = YES;
				CLANG_WARN_INFINITE_RECURSION = YES;
				CLANG_WARN_INT_CONVERSION = YES;
				CLANG_WARN_NON_LITERAL_NULL_CONVERSION = YES;
				CLANG_WARN_OBJC_IMPLICIT_RETAIN_SELF = YES;
				CLANG_WARN_OBJC_LITERAL_CONVERSION = YES;
				CLANG_WARN_OBJC_ROOT_CLASS = YES_ERROR;
				CLANG_WARN_QUOTED_INCLUDE_IN_FRAMEWORK_HEADER = YES;
				CLANG_WARN_RANGE_LOOP_ANALYSIS = YES;
				CLANG_WARN_STRICT_PROTOTYPES = YES;
				CLANG_WARN_SUSPICIOUS_MOVE = YES;
				CLANG_WARN_UNGUARDED_AVAILABILITY = YES_AGGRESSIVE;
				CLANG_WARN_UNREACHABLE_CODE = YES;
				CLANG_WARN__DUPLICATE_METHOD_MATCH = YES;
				COPY_PHASE_STRIP = NO;
				DEBUG_INFORMATION_FORMAT = dwarf;
				ENABLE_STRICT_OBJC_MSGSEND = YES;
				ENABLE_TESTABILITY = YES;
				GCC_C_LANGUAGE_STANDARD = gnu11;
				GCC_DYNAMIC_NO_PIC = NO;
				GCC_NO_COMMON_BLOCKS = YES;
				GCC_OPTIMIZATION_LEVEL = 0;
				GCC_PREPROCESSOR_DEFINITIONS = (
					"$(inherited)",
					"DEBUG=1",
				);
				GCC_WARN_64_TO_32_BIT_CONVERSION = YES;
				GCC_WARN_ABOUT_RETURN_TYPE = YES_ERROR;
				GCC_WARN_UNDECLARED_SELECTOR = YES;
				GCC_WARN_UNINITIALIZED_AUTOS = YES_AGGRESSIVE;
				GCC_WARN_UNUSED_FUNCTION = YES;
				GCC_WARN_UNUSED_VARIABLE = YES;
				IPHONEOS_DEPLOYMENT_TARGET = 16.0;
				MTL_ENABLE_DEBUG_INFO = INCLUDE_SOURCE;
				MTL_FAST_MATH = YES;
				ONLY_ACTIVE_ARCH = YES;
				PRODUCT_NAME = "$(TARGET_NAME)";
				SWIFT_ACTIVE_COMPILATION_CONDITIONS = DEBUG;
				SWIFT_OPTIMIZATION_LEVEL = "-Onone";
				SWIFT_VERSION = 6.0;
			};
			name = Debug;
		};
		9DDF2A2B259347537805C447 /* Release */ = {
			isa = XCBuildConfiguration;
			buildSettings = {
				ASSETCATALOG_COMPILER_APPICON_NAME = AppIcon;
				CODE_SIGN_IDENTITY = "iPhone Developer";
				INFOPLIST_FILE = "intelligence/swift/examples/hello-world-ios/Info.plist";
				LD_RUNPATH_SEARCH_PATHS = (
					"$(inherited)",
					"@executable_path/Frameworks",
				);
				PRODUCT_BUNDLE_IDENTIFIER = "ai.flower.hello-world-ios";
				PRODUCT_NAME = "hello-world-ios";
				SDKROOT = iphoneos;
				TARGETED_DEVICE_FAMILY = 1;
			};
			name = Release;
		};
		B1027A439E19E8E77412B1CF /* Release */ = {
			isa = XCBuildConfiguration;
			buildSettings = {
				COMBINE_HIDPI_IMAGES = YES;
				LD_RUNPATH_SEARCH_PATHS = (
					"$(inherited)",
					"@executable_path/../Frameworks",
				);
				MACH_O_TYPE = mh_execute;
				PRODUCT_BUNDLE_IDENTIFIER = "ai.flower.streaming-cli";
				PRODUCT_NAME = "streaming-cli";
				SDKROOT = macosx;
			};
			name = Release;
		};
		C8F92BFC7F656266CD6B0936 /* Release */ = {
			isa = XCBuildConfiguration;
			buildSettings = {
				ALWAYS_SEARCH_USER_PATHS = NO;
				CLANG_ANALYZER_NONNULL = YES;
				CLANG_ANALYZER_NUMBER_OBJECT_CONVERSION = YES_AGGRESSIVE;
				CLANG_CXX_LANGUAGE_STANDARD = "gnu++14";
				CLANG_CXX_LIBRARY = "libc++";
				CLANG_ENABLE_MODULES = YES;
				CLANG_ENABLE_OBJC_ARC = YES;
				CLANG_ENABLE_OBJC_WEAK = YES;
				CLANG_WARN_BLOCK_CAPTURE_AUTORELEASING = YES;
				CLANG_WARN_BOOL_CONVERSION = YES;
				CLANG_WARN_COMMA = YES;
				CLANG_WARN_CONSTANT_CONVERSION = YES;
				CLANG_WARN_DEPRECATED_OBJC_IMPLEMENTATIONS = YES;
				CLANG_WARN_DIRECT_OBJC_ISA_USAGE = YES_ERROR;
				CLANG_WARN_DOCUMENTATION_COMMENTS = YES;
				CLANG_WARN_EMPTY_BODY = YES;
				CLANG_WARN_ENUM_CONVERSION = YES;
				CLANG_WARN_INFINITE_RECURSION = YES;
				CLANG_WARN_INT_CONVERSION = YES;
				CLANG_WARN_NON_LITERAL_NULL_CONVERSION = YES;
				CLANG_WARN_OBJC_IMPLICIT_RETAIN_SELF = YES;
				CLANG_WARN_OBJC_LITERAL_CONVERSION = YES;
				CLANG_WARN_OBJC_ROOT_CLASS = YES_ERROR;
				CLANG_WARN_QUOTED_INCLUDE_IN_FRAMEWORK_HEADER = YES;
				CLANG_WARN_RANGE_LOOP_ANALYSIS = YES;
				CLANG_WARN_STRICT_PROTOTYPES = YES;
				CLANG_WARN_SUSPICIOUS_MOVE = YES;
				CLANG_WARN_UNGUARDED_AVAILABILITY = YES_AGGRESSIVE;
				CLANG_WARN_UNREACHABLE_CODE = YES;
				CLANG_WARN__DUPLICATE_METHOD_MATCH = YES;
				COPY_PHASE_STRIP = NO;
				DEBUG_INFORMATION_FORMAT = "dwarf-with-dsym";
				ENABLE_NS_ASSERTIONS = NO;
				ENABLE_STRICT_OBJC_MSGSEND = YES;
				GCC_C_LANGUAGE_STANDARD = gnu11;
				GCC_NO_COMMON_BLOCKS = YES;
				GCC_WARN_64_TO_32_BIT_CONVERSION = YES;
				GCC_WARN_ABOUT_RETURN_TYPE = YES_ERROR;
				GCC_WARN_UNDECLARED_SELECTOR = YES;
				GCC_WARN_UNINITIALIZED_AUTOS = YES_AGGRESSIVE;
				GCC_WARN_UNUSED_FUNCTION = YES;
				GCC_WARN_UNUSED_VARIABLE = YES;
				IPHONEOS_DEPLOYMENT_TARGET = 16.0;
				MTL_ENABLE_DEBUG_INFO = NO;
				MTL_FAST_MATH = YES;
				PRODUCT_NAME = "$(TARGET_NAME)";
				SWIFT_COMPILATION_MODE = wholemodule;
				SWIFT_OPTIMIZATION_LEVEL = "-O";
				SWIFT_VERSION = 6.0;
			};
			name = Release;
		};
		D1FA8B7B6E5CEA25E9BDAE33 /* Debug */ = {
			isa = XCBuildConfiguration;
			buildSettings = {
				ASSETCATALOG_COMPILER_APPICON_NAME = AppIcon;
				COMBINE_HIDPI_IMAGES = YES;
				INFOPLIST_FILE = "intelligence/swift/examples/hello-world-macos/Info.plist";
				LD_RUNPATH_SEARCH_PATHS = (
					"$(inherited)",
					"@executable_path/../Frameworks",
				);
				MACOSX_DEPLOYMENT_TARGET = 13.0;
				PRODUCT_BUNDLE_IDENTIFIER = "ai.flower.hello-world-macos";
				PRODUCT_NAME = "hello-world-macos";
				SDKROOT = macosx;
			};
			name = Debug;
		};
		F31EDA89F74B2787CAADB6A9 /* Debug */ = {
			isa = XCBuildConfiguration;
			buildSettings = {
				COMBINE_HIDPI_IMAGES = YES;
				LD_RUNPATH_SEARCH_PATHS = (
					"$(inherited)",
					"@executable_path/../Frameworks",
				);
				MACH_O_TYPE = mh_execute;
				PRODUCT_BUNDLE_IDENTIFIER = "ai.flower.hello-world-cli";
				PRODUCT_NAME = "hello-world-cli";
				SDKROOT = macosx;
			};
			name = Debug;
		};
/* End XCBuildConfiguration section */

/* Begin XCConfigurationList section */
		94635E797BA13466BF4F0896 /* Build configuration list for PBXNativeTarget "hello-world-ios" */ = {
			isa = XCConfigurationList;
			buildConfigurations = (
				555E15AADF7AB5EDCA8D3C94 /* Debug */,
				9DDF2A2B259347537805C447 /* Release */,
			);
			defaultConfigurationIsVisible = 0;
			defaultConfigurationName = Debug;
		};
		A5B7183CE630979926292BE3 /* Build configuration list for PBXNativeTarget "streaming-cli" */ = {
			isa = XCConfigurationList;
			buildConfigurations = (
				3D91A7BFDE419E94F631E2A9 /* Debug */,
				B1027A439E19E8E77412B1CF /* Release */,
			);
			defaultConfigurationIsVisible = 0;
			defaultConfigurationName = Debug;
		};
		A653252CD4A35B230DFBADE8 /* Build configuration list for PBXNativeTarget "hello-world-macos" */ = {
			isa = XCConfigurationList;
			buildConfigurations = (
				D1FA8B7B6E5CEA25E9BDAE33 /* Debug */,
				16486AF060A2F92E3A70D467 /* Release */,
			);
			defaultConfigurationIsVisible = 0;
			defaultConfigurationName = Debug;
		};
		F3209EF28C9A02B453F19324 /* Build configuration list for PBXNativeTarget "hello-world-cli" */ = {
			isa = XCConfigurationList;
			buildConfigurations = (
				F31EDA89F74B2787CAADB6A9 /* Debug */,
				41F43A7D925518D4FB3A1813 /* Release */,
			);
			defaultConfigurationIsVisible = 0;
			defaultConfigurationName = Debug;
		};
		F58BFF02AE30E45A3697BCF0 /* Build configuration list for PBXProject "FI-Swift-Examples" */ = {
			isa = XCConfigurationList;
			buildConfigurations = (
				71AD52A235C211609189E941 /* Debug */,
				C8F92BFC7F656266CD6B0936 /* Release */,
			);
			defaultConfigurationIsVisible = 0;
			defaultConfigurationName = Debug;
		};
/* End XCConfigurationList section */

/* Begin XCLocalSwiftPackageReference section */
		C91BFF75EB81DE13234F014E /* XCLocalSwiftPackageReference "." */ = {
			isa = XCLocalSwiftPackageReference;
			relativePath = .;
		};
/* End XCLocalSwiftPackageReference section */

/* Begin XCSwiftPackageProductDependency section */
		15139DB4CC3098599F34292F /* Flwr */ = {
			isa = XCSwiftPackageProductDependency;
			productName = Flwr;
		};
		373207A0BF3B259232F9BF9D /* Flwr */ = {
			isa = XCSwiftPackageProductDependency;
			productName = Flwr;
		};
		576C5843B4F652E912D76DFC /* Flwr */ = {
			isa = XCSwiftPackageProductDependency;
			productName = Flwr;
		};
		6D8B0AC98833A52178D0497F /* Flwr */ = {
			isa = XCSwiftPackageProductDependency;
			productName = Flwr;
		};
/* End XCSwiftPackageProductDependency section */
	};
	rootObject = B11C6C63FD49D55AB41DEFBC /* Project object */;
}
